{
  "version": 4,
  "terraform_version": "1.10.3",
  "serial": 397,
  "lineage": "e83de133-7ea3-629d-0c32-3a5cfc64c54f",
  "outputs": {},
  "resources": [
    {
      "mode": "data",
      "type": "aws_eks_cluster",
      "name": "eks",
      "provider": "provider[\"registry.terraform.io/hashicorp/aws\"]",
      "instances": [
        {
          "schema_version": 0,
          "attributes": {
            "access_config": [
              {
                "authentication_mode": "API",
                "bootstrap_cluster_creator_admin_permissions": true
              }
            ],
            "arn": "arn:aws:eks:eu-central-1:578748851450:cluster/booking-service-eks-dev",
            "certificate_authority": [
              {
                "data": "LS0tLS1CRUdJTiBDRVJUSUZJQ0FURS0tLS0tCk1JSURCVENDQWUyZ0F3SUJBZ0lJSU01UmIrWE1YVlV3RFFZSktvWklodmNOQVFFTEJRQXdGVEVUTUJFR0ExVUUKQXhNS2EzVmlaWEp1WlhSbGN6QWVGdzB5TlRBeE1EWXhNakF4TlRSYUZ3MHpOVEF4TURReE1qQTJOVFJhTUJVeApFekFSQmdOVkJBTVRDbXQxWW1WeWJtVjBaWE13Z2dFaU1BMEdDU3FHU0liM0RRRUJBUVVBQTRJQkR3QXdnZ0VLCkFvSUJBUUNvVXBnbDNHWWRiNmRHanc3L2IvRU5DbWlEbEkxUDk2R1libFJFK2hmV1dmNXAwcWxLQklWVjNzbVoKZUk3U3Fnc0lGMllxRWhZU1hYUkV1WDB5c0l0VjNrcjZ3Z2RPbzU4bit2U083dUNuaFIzWE1uQ2o4ZFltMmdSWApuWGNyR2U3U25QUVlTcGJDUFFzZWRQNFY2VmhyV1lvbVJXb3M2RWFLbWNFVWFHZzR6VzMwVUxQSUZTQmxvTUdFCjdUcGtlczhaOHNNdEh0R0JzRG1xZlN1T0t0bndITFF0SWxIMktVTWhUc1F5STNrWXllNkc3dlJ3SW9GY3VtY0gKY1FaeURBN0JTblRYUmdFSEQwNTNXKzNiYjdEYm4zbkJYeXFMRGY3RVZ4Um9ZeHM1dVcyWENDREkzUjBKckVDOAo4ZGdHdjA3RDlYWUx6VHFXc1BGMDkraE9WWDRWQWdNQkFBR2pXVEJYTUE0R0ExVWREd0VCL3dRRUF3SUNwREFQCkJnTlZIUk1CQWY4RUJUQURBUUgvTUIwR0ExVWREZ1FXQkJTSmtqb0JSZzdLWWZQVlRNSElpY3JxdXhyYnhUQVYKQmdOVkhSRUVEakFNZ2dwcmRXSmxjbTVsZEdWek1BMEdDU3FHU0liM0RRRUJDd1VBQTRJQkFRQ1Buc0Z6blNlLwpNa3ozcExCckozb1luU3Jwb0JwS1k4aXI4eHg1K3habFYzdWwzQ2VCZktYTmptbmdBeStKUW9MOU1ZR2hHK3poCnRxZG1yU0IyT2RXVG5DQ0NnQS9EemwwTkFvUFBrSWJEUU1GQkx3WFM2ZVYwa2dFdm5pWC83a2RIM0RlNW5zWGIKQzIwZHZqY2JkSkNOVTBOcHB3VmFoNTJ6Y3NDMy9rMENSOHg2cnVQMTJTS0s4eUwyaW1kSXNPMjdFbHNWYVAvWApBeGFqRVJtZU1xSHUrSzhvUkREM1JaTVhVVjNYb1pweDR5b2pRRVZ0aDJtVS9VK0ZxS2lkclVML2RqQ3pCSWttCkxKVm54U1VLMVZsWVBkcEZOZTlTbDlURjZ4WTA5ekx6aG1uL0E3bXNtRS9qeUQ5ZTRTT3F2UFAvczcrTjFNWEMKZTVLRUNybkY5UEVDCi0tLS0tRU5EIENFUlRJRklDQVRFLS0tLS0K"
              }
            ],
            "cluster_id": null,
            "compute_config": [],
            "created_at": "2025-01-06T12:03:24Z",
            "enabled_cluster_log_types": [],
            "endpoint": "https://E29B00650B55EE97D6C940AB4FCF0067.gr7.eu-central-1.eks.amazonaws.com",
            "id": "booking-service-eks-dev",
            "identity": [
              {
                "oidc": [
                  {
                    "issuer": "https://oidc.eks.eu-central-1.amazonaws.com/id/E29B00650B55EE97D6C940AB4FCF0067"
                  }
                ]
              }
            ],
            "kubernetes_network_config": [
              {
                "elastic_load_balancing": [
                  {
                    "enabled": false
                  }
                ],
                "ip_family": "ipv4",
                "service_ipv4_cidr": "172.20.0.0/16",
                "service_ipv6_cidr": ""
              }
            ],
            "name": "booking-service-eks-dev",
            "outpost_config": [],
            "platform_version": "eks.16",
            "remote_network_config": [],
            "role_arn": "arn:aws:iam::578748851450:role/booking-service-eks-dev_eks_cluster_role",
            "status": "ACTIVE",
            "storage_config": [],
            "tags": {},
            "upgrade_policy": [
              {
                "support_type": "EXTENDED"
              }
            ],
            "version": "1.31",
            "vpc_config": [
              {
                "cluster_security_group_id": "sg-0f2949570bd042691",
                "endpoint_private_access": false,
                "endpoint_public_access": true,
                "public_access_cidrs": [
                  "0.0.0.0/0"
                ],
                "security_group_ids": [],
                "subnet_ids": [
                  "subnet-007bbffefb3445270",
                  "subnet-082708b47722ee1ce"
                ],
                "vpc_id": "vpc-0f9479ed83167a2e9"
              }
            ],
            "zonal_shift_config": []
          },
          "sensitive_attributes": []
        }
      ]
    },
    {
      "mode": "data",
      "type": "aws_eks_cluster_auth",
      "name": "eks",
      "provider": "provider[\"registry.terraform.io/hashicorp/aws\"]",
      "instances": [
        {
          "schema_version": 0,
          "attributes": {
            "id": "booking-service-eks-dev",
            "name": "booking-service-eks-dev",
            "token": "k8s-aws-v1.aHR0cHM6Ly9zdHMuZXUtY2VudHJhbC0xLmFtYXpvbmF3cy5jb20vP0FjdGlvbj1HZXRDYWxsZXJJZGVudGl0eSZWZXJzaW9uPTIwMTEtMDYtMTUmWC1BbXotQWxnb3JpdGhtPUFXUzQtSE1BQy1TSEEyNTYmWC1BbXotQ3JlZGVudGlhbD1BS0lBWU5RQTZVVDVCTURHUkFDRCUyRjIwMjUwMTA2JTJGZXUtY2VudHJhbC0xJTJGc3RzJTJGYXdzNF9yZXF1ZXN0JlgtQW16LURhdGU9MjAyNTAxMDZUMTI0MTEyWiZYLUFtei1FeHBpcmVzPTAmWC1BbXotU2lnbmVkSGVhZGVycz1ob3N0JTNCeC1rOHMtYXdzLWlkJlgtQW16LVNpZ25hdHVyZT00Y2MwMzY2Mzg1M2RiODk1NjZhNTA5ZjJmZDAzNjkxYmE3MzY2ZTdlNDg2ZmU1MTgzOGEzNTU0ZmFmOGYwYWJh"
          },
          "sensitive_attributes": [
            [
              {
                "type": "get_attr",
                "value": "token"
              }
            ]
          ]
        }
      ]
    },
    {
      "module": "module.ebs",
      "mode": "data",
      "type": "aws_iam_policy_document",
      "name": "ebs_csi_driver_policy",
      "provider": "provider[\"registry.terraform.io/hashicorp/aws\"]",
      "instances": [
        {
          "schema_version": 0,
          "attributes": {
            "id": "819195744",
            "json": "{\n  \"Version\": \"2012-10-17\",\n  \"Statement\": [\n    {\n      \"Effect\": \"Allow\",\n      \"Action\": [\n        \"sts:TagSession\",\n        \"sts:AssumeRole\"\n      ],\n      \"Principal\": {\n        \"Service\": \"pods.eks.amazonaws.com\"\n      }\n    }\n  ]\n}",
            "minified_json": "{\"Version\":\"2012-10-17\",\"Statement\":[{\"Effect\":\"Allow\",\"Action\":[\"sts:TagSession\",\"sts:AssumeRole\"],\"Principal\":{\"Service\":\"pods.eks.amazonaws.com\"}}]}",
            "override_json": null,
            "override_policy_documents": null,
            "policy_id": null,
            "source_json": null,
            "source_policy_documents": null,
            "statement": [
              {
                "actions": [
                  "sts:AssumeRole",
                  "sts:TagSession"
                ],
                "condition": [],
                "effect": "Allow",
                "not_actions": [],
                "not_principals": [],
                "not_resources": [],
                "principals": [
                  {
                    "identifiers": [
                      "pods.eks.amazonaws.com"
                    ],
                    "type": "Service"
                  }
                ],
                "resources": [],
                "sid": ""
              }
            ],
            "version": "2012-10-17"
          },
          "sensitive_attributes": []
        }
      ]
    },
    {
      "module": "module.ebs",
      "mode": "managed",
      "type": "aws_eks_addon",
      "name": "ebs_csi_driver",
      "provider": "provider[\"registry.terraform.io/hashicorp/aws\"]",
      "instances": [
        {
          "schema_version": 0,
          "attributes": {
            "addon_name": "aws-ebs-csi-driver",
            "addon_version": "v1.38.1-eksbuild.1",
            "arn": "arn:aws:eks:eu-central-1:578748851450:addon/booking-service-eks-dev/aws-ebs-csi-driver/4eca1dc3-8e30-1505-a71b-ec4696d2a812",
            "cluster_name": "booking-service-eks-dev",
            "configuration_values": "",
            "created_at": "2025-01-06T12:11:38Z",
            "id": "booking-service-eks-dev:aws-ebs-csi-driver",
            "modified_at": "2025-01-06T12:12:29Z",
            "pod_identity_association": [],
            "preserve": null,
            "resolve_conflicts": null,
            "resolve_conflicts_on_create": null,
            "resolve_conflicts_on_update": null,
            "service_account_role_arn": "",
            "tags": {},
            "tags_all": {},
            "timeouts": null
          },
          "sensitive_attributes": [],
          "private": "eyJlMmJmYjczMC1lY2FhLTExZTYtOGY4OC0zNDM2M2JjN2M0YzAiOnsiY3JlYXRlIjoxMjAwMDAwMDAwMDAwLCJkZWxldGUiOjI0MDAwMDAwMDAwMDAsInVwZGF0ZSI6MTIwMDAwMDAwMDAwMH19",
          "dependencies": [
            "data.aws_eks_cluster.eks",
            "data.aws_eks_cluster_auth.eks",
            "module.eks.aws_eks_access_entry.admin_entry",
            "module.eks.aws_eks_access_entry.viewer_entry",
            "module.eks.aws_eks_addon.pod-identity",
            "module.eks.aws_eks_cluster.eks",
            "module.eks.aws_eks_node_group.cluster_nodes",
            "module.eks.aws_eks_pod_identity_association.cluster_autoscaler_identity",
            "module.eks.aws_iam_policy.cluster_autoscaler_policy",
            "module.eks.aws_iam_policy.developer_policy",
            "module.eks.aws_iam_policy.eks_admin_policy",
            "module.eks.aws_iam_policy.eks_assume_admin_policy",
            "module.eks.aws_iam_role.admin_role",
            "module.eks.aws_iam_role.cluster",
            "module.eks.aws_iam_role.cluster_autoscaler_role",
            "module.eks.aws_iam_role.node_group_role",
            "module.eks.aws_iam_role_policy_attachment.cluster_AmazonEKSClusterPolicy",
            "module.eks.aws_iam_role_policy_attachment.cluster_autoscaler_policy_attachment",
            "module.eks.aws_iam_role_policy_attachment.eks_admin_role_attachment",
            "module.eks.aws_iam_role_policy_attachment.node_group_AmazonEC2ContainerRegistryReadOnly",
            "module.eks.aws_iam_role_policy_attachment.node_group_AmazonEKSWorkerNodePolicy",
            "module.eks.aws_iam_role_policy_attachment.node_group_AmazonEKS_CNI_Policy",
            "module.eks.aws_iam_user.admin_user",
            "module.eks.aws_iam_user.developer",
            "module.eks.aws_iam_user_policy_attachment.developer_policy_attachment",
            "module.eks.aws_iam_user_policy_attachment.eks_admin_policy_attachment",
            "module.eks.data.aws_caller_identity.current",
            "module.eks.helm_release.cluster_autoscaler",
            "module.network.aws_eip.nat",
            "module.network.aws_internet_gateway.igw",
            "module.network.aws_nat_gateway.nat",
            "module.network.aws_route_table.private",
            "module.network.aws_route_table.public",
            "module.network.aws_route_table_association.private_zone_1",
            "module.network.aws_route_table_association.private_zone_2",
            "module.network.aws_route_table_association.public_zone_1",
            "module.network.aws_route_table_association.public_zone_2",
            "module.network.aws_subnet.private_zone_1",
            "module.network.aws_subnet.private_zone_2",
            "module.network.aws_subnet.public_zone_1",
            "module.network.aws_subnet.public_zone_2",
            "module.network.aws_vpc.main"
          ]
        }
      ]
    },
    {
      "module": "module.ebs",
      "mode": "managed",
      "type": "aws_eks_pod_identity_association",
      "name": "ebs_csi_driver_identity",
      "provider": "provider[\"registry.terraform.io/hashicorp/aws\"]",
      "instances": [
        {
          "schema_version": 0,
          "attributes": {
            "association_arn": "arn:aws:eks:eu-central-1:578748851450:podidentityassociation/booking-service-eks-dev/a-bvvpcrzrtfjln4ofw",
            "association_id": "a-bvvpcrzrtfjln4ofw",
            "cluster_name": "booking-service-eks-dev",
            "id": "a-bvvpcrzrtfjln4ofw",
            "namespace": "kube-system",
            "role_arn": "arn:aws:iam::578748851450:role/ebs_csi_driver_role",
            "service_account": "ebs-csi-controller-sa",
            "tags": null,
            "tags_all": {}
          },
          "sensitive_attributes": [],
          "dependencies": [
            "data.aws_eks_cluster.eks",
            "data.aws_eks_cluster_auth.eks",
            "module.ebs.aws_iam_role.ebs_csi_driver_role",
            "module.ebs.data.aws_iam_policy_document.ebs_csi_driver_policy",
            "module.eks.aws_eks_access_entry.admin_entry",
            "module.eks.aws_eks_access_entry.viewer_entry",
            "module.eks.aws_eks_addon.pod-identity",
            "module.eks.aws_eks_cluster.eks",
            "module.eks.aws_eks_node_group.cluster_nodes",
            "module.eks.aws_eks_pod_identity_association.cluster_autoscaler_identity",
            "module.eks.aws_iam_policy.cluster_autoscaler_policy",
            "module.eks.aws_iam_policy.developer_policy",
            "module.eks.aws_iam_policy.eks_admin_policy",
            "module.eks.aws_iam_policy.eks_assume_admin_policy",
            "module.eks.aws_iam_role.admin_role",
            "module.eks.aws_iam_role.cluster",
            "module.eks.aws_iam_role.cluster_autoscaler_role",
            "module.eks.aws_iam_role.node_group_role",
            "module.eks.aws_iam_role_policy_attachment.cluster_AmazonEKSClusterPolicy",
            "module.eks.aws_iam_role_policy_attachment.cluster_autoscaler_policy_attachment",
            "module.eks.aws_iam_role_policy_attachment.eks_admin_role_attachment",
            "module.eks.aws_iam_role_policy_attachment.node_group_AmazonEC2ContainerRegistryReadOnly",
            "module.eks.aws_iam_role_policy_attachment.node_group_AmazonEKSWorkerNodePolicy",
            "module.eks.aws_iam_role_policy_attachment.node_group_AmazonEKS_CNI_Policy",
            "module.eks.aws_iam_user.admin_user",
            "module.eks.aws_iam_user.developer",
            "module.eks.aws_iam_user_policy_attachment.developer_policy_attachment",
            "module.eks.aws_iam_user_policy_attachment.eks_admin_policy_attachment",
            "module.eks.data.aws_caller_identity.current",
            "module.eks.helm_release.cluster_autoscaler",
            "module.network.aws_eip.nat",
            "module.network.aws_internet_gateway.igw",
            "module.network.aws_nat_gateway.nat",
            "module.network.aws_route_table.private",
            "module.network.aws_route_table.public",
            "module.network.aws_route_table_association.private_zone_1",
            "module.network.aws_route_table_association.private_zone_2",
            "module.network.aws_route_table_association.public_zone_1",
            "module.network.aws_route_table_association.public_zone_2",
            "module.network.aws_subnet.private_zone_1",
            "module.network.aws_subnet.private_zone_2",
            "module.network.aws_subnet.public_zone_1",
            "module.network.aws_subnet.public_zone_2",
            "module.network.aws_vpc.main"
          ]
        }
      ]
    },
    {
      "module": "module.ebs",
      "mode": "managed",
      "type": "aws_iam_policy",
      "name": "ebs_encryption_policy",
      "provider": "provider[\"registry.terraform.io/hashicorp/aws\"]",
      "instances": [
        {
          "schema_version": 0,
          "attributes": {
            "arn": "arn:aws:iam::578748851450:policy/ebs_encryption_policy",
            "attachment_count": 1,
            "description": "",
            "id": "arn:aws:iam::578748851450:policy/ebs_encryption_policy",
            "name": "ebs_encryption_policy",
            "name_prefix": "",
            "path": "/",
            "policy": "{\"Statement\":[{\"Action\":[\"kms:CreateGrant\",\"kms:ListGrants\",\"kms:RevokeGrant\"],\"Condition\":{\"Bool\":{\"kms:GrantIsForAWSResource\":\"true\"}},\"Effect\":\"Allow\",\"Resource\":[\"*\"]},{\"Action\":[\"kms:Encrypt\",\"kms:Decrypt\",\"kms:ReEncrypt*\",\"kms:GenerateDataKey*\",\"kms:DescribeKey\"],\"Effect\":\"Allow\",\"Resource\":[\"*\"]}],\"Version\":\"2012-10-17\"}",
            "policy_id": "ANPAYNQA6UT5AFVYB6QNL",
            "tags": {},
            "tags_all": {}
          },
          "sensitive_attributes": [],
          "private": "bnVsbA==",
          "dependencies": [
            "data.aws_eks_cluster.eks",
            "data.aws_eks_cluster_auth.eks",
            "module.eks.aws_eks_access_entry.admin_entry",
            "module.eks.aws_eks_access_entry.viewer_entry",
            "module.eks.aws_eks_addon.pod-identity",
            "module.eks.aws_eks_cluster.eks",
            "module.eks.aws_eks_node_group.cluster_nodes",
            "module.eks.aws_eks_pod_identity_association.cluster_autoscaler_identity",
            "module.eks.aws_iam_policy.cluster_autoscaler_policy",
            "module.eks.aws_iam_policy.developer_policy",
            "module.eks.aws_iam_policy.eks_admin_policy",
            "module.eks.aws_iam_policy.eks_assume_admin_policy",
            "module.eks.aws_iam_role.admin_role",
            "module.eks.aws_iam_role.cluster",
            "module.eks.aws_iam_role.cluster_autoscaler_role",
            "module.eks.aws_iam_role.node_group_role",
            "module.eks.aws_iam_role_policy_attachment.cluster_AmazonEKSClusterPolicy",
            "module.eks.aws_iam_role_policy_attachment.cluster_autoscaler_policy_attachment",
            "module.eks.aws_iam_role_policy_attachment.eks_admin_role_attachment",
            "module.eks.aws_iam_role_policy_attachment.node_group_AmazonEC2ContainerRegistryReadOnly",
            "module.eks.aws_iam_role_policy_attachment.node_group_AmazonEKSWorkerNodePolicy",
            "module.eks.aws_iam_role_policy_attachment.node_group_AmazonEKS_CNI_Policy",
            "module.eks.aws_iam_user.admin_user",
            "module.eks.aws_iam_user.developer",
            "module.eks.aws_iam_user_policy_attachment.developer_policy_attachment",
            "module.eks.aws_iam_user_policy_attachment.eks_admin_policy_attachment",
            "module.eks.data.aws_caller_identity.current",
            "module.eks.helm_release.cluster_autoscaler",
            "module.network.aws_eip.nat",
            "module.network.aws_internet_gateway.igw",
            "module.network.aws_nat_gateway.nat",
            "module.network.aws_route_table.private",
            "module.network.aws_route_table.public",
            "module.network.aws_route_table_association.private_zone_1",
            "module.network.aws_route_table_association.private_zone_2",
            "module.network.aws_route_table_association.public_zone_1",
            "module.network.aws_route_table_association.public_zone_2",
            "module.network.aws_subnet.private_zone_1",
            "module.network.aws_subnet.private_zone_2",
            "module.network.aws_subnet.public_zone_1",
            "module.network.aws_subnet.public_zone_2",
            "module.network.aws_vpc.main"
          ]
        }
      ]
    },
    {
      "module": "module.ebs",
      "mode": "managed",
      "type": "aws_iam_policy_attachment",
      "name": "ebs_encryption_policy_attachment",
      "provider": "provider[\"registry.terraform.io/hashicorp/aws\"]",
      "instances": [
        {
          "schema_version": 0,
          "attributes": {
            "groups": [],
            "id": "ebs_encryption_policy_attachment",
            "name": "ebs_encryption_policy_attachment",
            "policy_arn": "arn:aws:iam::578748851450:policy/ebs_encryption_policy",
            "roles": [
              "ebs_csi_driver_role"
            ],
            "users": []
          },
          "sensitive_attributes": [],
          "private": "bnVsbA==",
          "dependencies": [
            "data.aws_eks_cluster.eks",
            "data.aws_eks_cluster_auth.eks",
            "module.ebs.aws_iam_policy.ebs_encryption_policy",
            "module.ebs.aws_iam_role.ebs_csi_driver_role",
            "module.ebs.data.aws_iam_policy_document.ebs_csi_driver_policy",
            "module.eks.aws_eks_access_entry.admin_entry",
            "module.eks.aws_eks_access_entry.viewer_entry",
            "module.eks.aws_eks_addon.pod-identity",
            "module.eks.aws_eks_cluster.eks",
            "module.eks.aws_eks_node_group.cluster_nodes",
            "module.eks.aws_eks_pod_identity_association.cluster_autoscaler_identity",
            "module.eks.aws_iam_policy.cluster_autoscaler_policy",
            "module.eks.aws_iam_policy.developer_policy",
            "module.eks.aws_iam_policy.eks_admin_policy",
            "module.eks.aws_iam_policy.eks_assume_admin_policy",
            "module.eks.aws_iam_role.admin_role",
            "module.eks.aws_iam_role.cluster",
            "module.eks.aws_iam_role.cluster_autoscaler_role",
            "module.eks.aws_iam_role.node_group_role",
            "module.eks.aws_iam_role_policy_attachment.cluster_AmazonEKSClusterPolicy",
            "module.eks.aws_iam_role_policy_attachment.cluster_autoscaler_policy_attachment",
            "module.eks.aws_iam_role_policy_attachment.eks_admin_role_attachment",
            "module.eks.aws_iam_role_policy_attachment.node_group_AmazonEC2ContainerRegistryReadOnly",
            "module.eks.aws_iam_role_policy_attachment.node_group_AmazonEKSWorkerNodePolicy",
            "module.eks.aws_iam_role_policy_attachment.node_group_AmazonEKS_CNI_Policy",
            "module.eks.aws_iam_user.admin_user",
            "module.eks.aws_iam_user.developer",
            "module.eks.aws_iam_user_policy_attachment.developer_policy_attachment",
            "module.eks.aws_iam_user_policy_attachment.eks_admin_policy_attachment",
            "module.eks.data.aws_caller_identity.current",
            "module.eks.helm_release.cluster_autoscaler",
            "module.network.aws_eip.nat",
            "module.network.aws_internet_gateway.igw",
            "module.network.aws_nat_gateway.nat",
            "module.network.aws_route_table.private",
            "module.network.aws_route_table.public",
            "module.network.aws_route_table_association.private_zone_1",
            "module.network.aws_route_table_association.private_zone_2",
            "module.network.aws_route_table_association.public_zone_1",
            "module.network.aws_route_table_association.public_zone_2",
            "module.network.aws_subnet.private_zone_1",
            "module.network.aws_subnet.private_zone_2",
            "module.network.aws_subnet.public_zone_1",
            "module.network.aws_subnet.public_zone_2",
            "module.network.aws_vpc.main"
          ]
        }
      ]
    },
    {
      "module": "module.ebs",
      "mode": "managed",
      "type": "aws_iam_role",
      "name": "ebs_csi_driver_role",
      "provider": "provider[\"registry.terraform.io/hashicorp/aws\"]",
      "instances": [
        {
          "schema_version": 0,
          "attributes": {
            "arn": "arn:aws:iam::578748851450:role/ebs_csi_driver_role",
            "assume_role_policy": "{\"Statement\":[{\"Action\":[\"sts:TagSession\",\"sts:AssumeRole\"],\"Effect\":\"Allow\",\"Principal\":{\"Service\":\"pods.eks.amazonaws.com\"}}],\"Version\":\"2012-10-17\"}",
            "create_date": "2025-01-06T12:11:38Z",
            "description": "",
            "force_detach_policies": false,
            "id": "ebs_csi_driver_role",
            "inline_policy": [],
            "managed_policy_arns": [
              "arn:aws:iam::578748851450:policy/ebs_encryption_policy",
              "arn:aws:iam::aws:policy/service-role/AmazonEBSCSIDriverPolicy"
            ],
            "max_session_duration": 3600,
            "name": "ebs_csi_driver_role",
            "name_prefix": "",
            "path": "/",
            "permissions_boundary": "",
            "tags": {},
            "tags_all": {},
            "unique_id": "AROAYNQA6UT5MRWTH4LNY"
          },
          "sensitive_attributes": [],
          "private": "bnVsbA==",
          "dependencies": [
            "data.aws_eks_cluster.eks",
            "data.aws_eks_cluster_auth.eks",
            "module.ebs.data.aws_iam_policy_document.ebs_csi_driver_policy",
            "module.eks.aws_eks_access_entry.admin_entry",
            "module.eks.aws_eks_access_entry.viewer_entry",
            "module.eks.aws_eks_addon.pod-identity",
            "module.eks.aws_eks_cluster.eks",
            "module.eks.aws_eks_node_group.cluster_nodes",
            "module.eks.aws_eks_pod_identity_association.cluster_autoscaler_identity",
            "module.eks.aws_iam_policy.cluster_autoscaler_policy",
            "module.eks.aws_iam_policy.developer_policy",
            "module.eks.aws_iam_policy.eks_admin_policy",
            "module.eks.aws_iam_policy.eks_assume_admin_policy",
            "module.eks.aws_iam_role.admin_role",
            "module.eks.aws_iam_role.cluster",
            "module.eks.aws_iam_role.cluster_autoscaler_role",
            "module.eks.aws_iam_role.node_group_role",
            "module.eks.aws_iam_role_policy_attachment.cluster_AmazonEKSClusterPolicy",
            "module.eks.aws_iam_role_policy_attachment.cluster_autoscaler_policy_attachment",
            "module.eks.aws_iam_role_policy_attachment.eks_admin_role_attachment",
            "module.eks.aws_iam_role_policy_attachment.node_group_AmazonEC2ContainerRegistryReadOnly",
            "module.eks.aws_iam_role_policy_attachment.node_group_AmazonEKSWorkerNodePolicy",
            "module.eks.aws_iam_role_policy_attachment.node_group_AmazonEKS_CNI_Policy",
            "module.eks.aws_iam_user.admin_user",
            "module.eks.aws_iam_user.developer",
            "module.eks.aws_iam_user_policy_attachment.developer_policy_attachment",
            "module.eks.aws_iam_user_policy_attachment.eks_admin_policy_attachment",
            "module.eks.data.aws_caller_identity.current",
            "module.eks.helm_release.cluster_autoscaler",
            "module.network.aws_eip.nat",
            "module.network.aws_internet_gateway.igw",
            "module.network.aws_nat_gateway.nat",
            "module.network.aws_route_table.private",
            "module.network.aws_route_table.public",
            "module.network.aws_route_table_association.private_zone_1",
            "module.network.aws_route_table_association.private_zone_2",
            "module.network.aws_route_table_association.public_zone_1",
            "module.network.aws_route_table_association.public_zone_2",
            "module.network.aws_subnet.private_zone_1",
            "module.network.aws_subnet.private_zone_2",
            "module.network.aws_subnet.public_zone_1",
            "module.network.aws_subnet.public_zone_2",
            "module.network.aws_vpc.main"
          ]
        }
      ]
    },
    {
      "module": "module.ebs",
      "mode": "managed",
      "type": "aws_iam_role_policy_attachment",
      "name": "ebs_csi_driver_policy_attachment",
      "provider": "provider[\"registry.terraform.io/hashicorp/aws\"]",
      "instances": [
        {
          "schema_version": 0,
          "attributes": {
            "id": "ebs_csi_driver_role-20250106121139067600000013",
            "policy_arn": "arn:aws:iam::aws:policy/service-role/AmazonEBSCSIDriverPolicy",
            "role": "ebs_csi_driver_role"
          },
          "sensitive_attributes": [],
          "private": "bnVsbA==",
          "dependencies": [
            "data.aws_eks_cluster.eks",
            "data.aws_eks_cluster_auth.eks",
            "module.ebs.aws_iam_role.ebs_csi_driver_role",
            "module.ebs.data.aws_iam_policy_document.ebs_csi_driver_policy",
            "module.eks.aws_eks_access_entry.admin_entry",
            "module.eks.aws_eks_access_entry.viewer_entry",
            "module.eks.aws_eks_addon.pod-identity",
            "module.eks.aws_eks_cluster.eks",
            "module.eks.aws_eks_node_group.cluster_nodes",
            "module.eks.aws_eks_pod_identity_association.cluster_autoscaler_identity",
            "module.eks.aws_iam_policy.cluster_autoscaler_policy",
            "module.eks.aws_iam_policy.developer_policy",
            "module.eks.aws_iam_policy.eks_admin_policy",
            "module.eks.aws_iam_policy.eks_assume_admin_policy",
            "module.eks.aws_iam_role.admin_role",
            "module.eks.aws_iam_role.cluster",
            "module.eks.aws_iam_role.cluster_autoscaler_role",
            "module.eks.aws_iam_role.node_group_role",
            "module.eks.aws_iam_role_policy_attachment.cluster_AmazonEKSClusterPolicy",
            "module.eks.aws_iam_role_policy_attachment.cluster_autoscaler_policy_attachment",
            "module.eks.aws_iam_role_policy_attachment.eks_admin_role_attachment",
            "module.eks.aws_iam_role_policy_attachment.node_group_AmazonEC2ContainerRegistryReadOnly",
            "module.eks.aws_iam_role_policy_attachment.node_group_AmazonEKSWorkerNodePolicy",
            "module.eks.aws_iam_role_policy_attachment.node_group_AmazonEKS_CNI_Policy",
            "module.eks.aws_iam_user.admin_user",
            "module.eks.aws_iam_user.developer",
            "module.eks.aws_iam_user_policy_attachment.developer_policy_attachment",
            "module.eks.aws_iam_user_policy_attachment.eks_admin_policy_attachment",
            "module.eks.data.aws_caller_identity.current",
            "module.eks.helm_release.cluster_autoscaler",
            "module.network.aws_eip.nat",
            "module.network.aws_internet_gateway.igw",
            "module.network.aws_nat_gateway.nat",
            "module.network.aws_route_table.private",
            "module.network.aws_route_table.public",
            "module.network.aws_route_table_association.private_zone_1",
            "module.network.aws_route_table_association.private_zone_2",
            "module.network.aws_route_table_association.public_zone_1",
            "module.network.aws_route_table_association.public_zone_2",
            "module.network.aws_subnet.private_zone_1",
            "module.network.aws_subnet.private_zone_2",
            "module.network.aws_subnet.public_zone_1",
            "module.network.aws_subnet.public_zone_2",
            "module.network.aws_vpc.main"
          ]
        }
      ]
    },
    {
      "module": "module.eks",
      "mode": "data",
      "type": "aws_caller_identity",
      "name": "current",
      "provider": "provider[\"registry.terraform.io/hashicorp/aws\"]",
      "instances": [
        {
          "schema_version": 0,
          "attributes": {
            "account_id": "578748851450",
            "arn": "arn:aws:iam::578748851450:user/nikita",
            "id": "578748851450",
            "user_id": "AIDAYNQA6UT5HMBPQRQ4C"
          },
          "sensitive_attributes": []
        }
      ]
    },
    {
      "module": "module.eks",
      "mode": "managed",
      "type": "aws_eks_access_entry",
      "name": "admin_entry",
      "provider": "provider[\"registry.terraform.io/hashicorp/aws\"]",
      "instances": [
        {
          "schema_version": 0,
          "attributes": {
            "access_entry_arn": "arn:aws:eks:eu-central-1:578748851450:access-entry/booking-service-eks-dev/role/578748851450/dev-booking-service-eks-dev-admin-role/f8ca1dc2-63ee-3365-2331-2ec6d953e3ca",
            "cluster_name": "booking-service-eks-dev",
            "created_at": "2025-01-06T12:09:05Z",
            "id": "booking-service-eks-dev:arn:aws:iam::578748851450:role/dev-booking-service-eks-dev-admin-role",
            "kubernetes_groups": [
              "booking-service-admin"
            ],
            "modified_at": "2025-01-06T12:09:05Z",
            "principal_arn": "arn:aws:iam::578748851450:role/dev-booking-service-eks-dev-admin-role",
            "tags": {},
            "tags_all": {},
            "timeouts": null,
            "type": "STANDARD",
            "user_name": "arn:aws:sts::578748851450:assumed-role/dev-booking-service-eks-dev-admin-role/{{SessionName}}"
          },
          "sensitive_attributes": [],
          "private": "eyJlMmJmYjczMC1lY2FhLTExZTYtOGY4OC0zNDM2M2JjN2M0YzAiOnsiY3JlYXRlIjo2MDAwMDAwMDAwMDAsImRlbGV0ZSI6NjAwMDAwMDAwMDAwfX0=",
          "dependencies": [
            "module.eks.aws_eks_cluster.eks",
            "module.eks.aws_iam_role.admin_role",
            "module.eks.aws_iam_role.cluster",
            "module.eks.aws_iam_role_policy_attachment.cluster_AmazonEKSClusterPolicy",
            "module.eks.data.aws_caller_identity.current",
            "module.network.aws_eip.nat",
            "module.network.aws_internet_gateway.igw",
            "module.network.aws_nat_gateway.nat",
            "module.network.aws_route_table.private",
            "module.network.aws_route_table.public",
            "module.network.aws_route_table_association.private_zone_1",
            "module.network.aws_route_table_association.private_zone_2",
            "module.network.aws_route_table_association.public_zone_1",
            "module.network.aws_route_table_association.public_zone_2",
            "module.network.aws_subnet.private_zone_1",
            "module.network.aws_subnet.private_zone_2",
            "module.network.aws_subnet.public_zone_1",
            "module.network.aws_subnet.public_zone_2",
            "module.network.aws_vpc.main"
          ]
        }
      ]
    },
    {
      "module": "module.eks",
      "mode": "managed",
      "type": "aws_eks_access_entry",
      "name": "viewer_entry",
      "provider": "provider[\"registry.terraform.io/hashicorp/aws\"]",
      "instances": [
        {
          "schema_version": 0,
          "attributes": {
            "access_entry_arn": "arn:aws:eks:eu-central-1:578748851450:access-entry/booking-service-eks-dev/user/578748851450/developer/bcca1dc2-63ea-4b25-5751-81e234d55ec0",
            "cluster_name": "booking-service-eks-dev",
            "created_at": "2025-01-06T12:09:05Z",
            "id": "booking-service-eks-dev:arn:aws:iam::578748851450:user/developer",
            "kubernetes_groups": [
              "booking-service-viewer"
            ],
            "modified_at": "2025-01-06T12:09:05Z",
            "principal_arn": "arn:aws:iam::578748851450:user/developer",
            "tags": {},
            "tags_all": {},
            "timeouts": null,
            "type": "STANDARD",
            "user_name": "arn:aws:iam::578748851450:user/developer"
          },
          "sensitive_attributes": [],
          "private": "eyJlMmJmYjczMC1lY2FhLTExZTYtOGY4OC0zNDM2M2JjN2M0YzAiOnsiY3JlYXRlIjo2MDAwMDAwMDAwMDAsImRlbGV0ZSI6NjAwMDAwMDAwMDAwfX0=",
          "dependencies": [
            "module.eks.aws_eks_cluster.eks",
            "module.eks.aws_iam_role.cluster",
            "module.eks.aws_iam_role_policy_attachment.cluster_AmazonEKSClusterPolicy",
            "module.eks.aws_iam_user.developer",
            "module.network.aws_eip.nat",
            "module.network.aws_internet_gateway.igw",
            "module.network.aws_nat_gateway.nat",
            "module.network.aws_route_table.private",
            "module.network.aws_route_table.public",
            "module.network.aws_route_table_association.private_zone_1",
            "module.network.aws_route_table_association.private_zone_2",
            "module.network.aws_route_table_association.public_zone_1",
            "module.network.aws_route_table_association.public_zone_2",
            "module.network.aws_subnet.private_zone_1",
            "module.network.aws_subnet.private_zone_2",
            "module.network.aws_subnet.public_zone_1",
            "module.network.aws_subnet.public_zone_2",
            "module.network.aws_vpc.main"
          ]
        }
      ]
    },
    {
      "module": "module.eks",
      "mode": "managed",
      "type": "aws_eks_addon",
      "name": "pod-identity",
      "provider": "provider[\"registry.terraform.io/hashicorp/aws\"]",
      "instances": [
        {
          "schema_version": 0,
          "attributes": {
            "addon_name": "eks-pod-identity-agent",
            "addon_version": "v1.3.0-eksbuild.1",
            "arn": "arn:aws:eks:eu-central-1:578748851450:addon/booking-service-eks-dev/eks-pod-identity-agent/70ca1dc2-63ca-be2f-e8da-01c83e748bee",
            "cluster_name": "booking-service-eks-dev",
            "configuration_values": "",
            "created_at": "2025-01-06T12:09:05Z",
            "id": "booking-service-eks-dev:eks-pod-identity-agent",
            "modified_at": "2025-01-06T12:09:11Z",
            "pod_identity_association": [],
            "preserve": null,
            "resolve_conflicts": null,
            "resolve_conflicts_on_create": null,
            "resolve_conflicts_on_update": null,
            "service_account_role_arn": "",
            "tags": {},
            "tags_all": {},
            "timeouts": null
          },
          "sensitive_attributes": [],
          "private": "eyJlMmJmYjczMC1lY2FhLTExZTYtOGY4OC0zNDM2M2JjN2M0YzAiOnsiY3JlYXRlIjoxMjAwMDAwMDAwMDAwLCJkZWxldGUiOjI0MDAwMDAwMDAwMDAsInVwZGF0ZSI6MTIwMDAwMDAwMDAwMH19",
          "dependencies": [
            "module.eks.aws_eks_cluster.eks",
            "module.eks.aws_iam_role.cluster",
            "module.eks.aws_iam_role_policy_attachment.cluster_AmazonEKSClusterPolicy",
            "module.network.aws_eip.nat",
            "module.network.aws_internet_gateway.igw",
            "module.network.aws_nat_gateway.nat",
            "module.network.aws_route_table.private",
            "module.network.aws_route_table.public",
            "module.network.aws_route_table_association.private_zone_1",
            "module.network.aws_route_table_association.private_zone_2",
            "module.network.aws_route_table_association.public_zone_1",
            "module.network.aws_route_table_association.public_zone_2",
            "module.network.aws_subnet.private_zone_1",
            "module.network.aws_subnet.private_zone_2",
            "module.network.aws_subnet.public_zone_1",
            "module.network.aws_subnet.public_zone_2",
            "module.network.aws_vpc.main"
          ]
        }
      ]
    },
    {
      "module": "module.eks",
      "mode": "managed",
      "type": "aws_eks_cluster",
      "name": "eks",
      "provider": "provider[\"registry.terraform.io/hashicorp/aws\"]",
      "instances": [
        {
          "schema_version": 1,
          "attributes": {
            "access_config": [
              {
                "authentication_mode": "API",
                "bootstrap_cluster_creator_admin_permissions": true
              }
            ],
            "arn": "arn:aws:eks:eu-central-1:578748851450:cluster/booking-service-eks-dev",
            "bootstrap_self_managed_addons": true,
            "certificate_authority": [
              {
                "data": "LS0tLS1CRUdJTiBDRVJUSUZJQ0FURS0tLS0tCk1JSURCVENDQWUyZ0F3SUJBZ0lJSU01UmIrWE1YVlV3RFFZSktvWklodmNOQVFFTEJRQXdGVEVUTUJFR0ExVUUKQXhNS2EzVmlaWEp1WlhSbGN6QWVGdzB5TlRBeE1EWXhNakF4TlRSYUZ3MHpOVEF4TURReE1qQTJOVFJhTUJVeApFekFSQmdOVkJBTVRDbXQxWW1WeWJtVjBaWE13Z2dFaU1BMEdDU3FHU0liM0RRRUJBUVVBQTRJQkR3QXdnZ0VLCkFvSUJBUUNvVXBnbDNHWWRiNmRHanc3L2IvRU5DbWlEbEkxUDk2R1libFJFK2hmV1dmNXAwcWxLQklWVjNzbVoKZUk3U3Fnc0lGMllxRWhZU1hYUkV1WDB5c0l0VjNrcjZ3Z2RPbzU4bit2U083dUNuaFIzWE1uQ2o4ZFltMmdSWApuWGNyR2U3U25QUVlTcGJDUFFzZWRQNFY2VmhyV1lvbVJXb3M2RWFLbWNFVWFHZzR6VzMwVUxQSUZTQmxvTUdFCjdUcGtlczhaOHNNdEh0R0JzRG1xZlN1T0t0bndITFF0SWxIMktVTWhUc1F5STNrWXllNkc3dlJ3SW9GY3VtY0gKY1FaeURBN0JTblRYUmdFSEQwNTNXKzNiYjdEYm4zbkJYeXFMRGY3RVZ4Um9ZeHM1dVcyWENDREkzUjBKckVDOAo4ZGdHdjA3RDlYWUx6VHFXc1BGMDkraE9WWDRWQWdNQkFBR2pXVEJYTUE0R0ExVWREd0VCL3dRRUF3SUNwREFQCkJnTlZIUk1CQWY4RUJUQURBUUgvTUIwR0ExVWREZ1FXQkJTSmtqb0JSZzdLWWZQVlRNSElpY3JxdXhyYnhUQVYKQmdOVkhSRUVEakFNZ2dwcmRXSmxjbTVsZEdWek1BMEdDU3FHU0liM0RRRUJDd1VBQTRJQkFRQ1Buc0Z6blNlLwpNa3ozcExCckozb1luU3Jwb0JwS1k4aXI4eHg1K3habFYzdWwzQ2VCZktYTmptbmdBeStKUW9MOU1ZR2hHK3poCnRxZG1yU0IyT2RXVG5DQ0NnQS9EemwwTkFvUFBrSWJEUU1GQkx3WFM2ZVYwa2dFdm5pWC83a2RIM0RlNW5zWGIKQzIwZHZqY2JkSkNOVTBOcHB3VmFoNTJ6Y3NDMy9rMENSOHg2cnVQMTJTS0s4eUwyaW1kSXNPMjdFbHNWYVAvWApBeGFqRVJtZU1xSHUrSzhvUkREM1JaTVhVVjNYb1pweDR5b2pRRVZ0aDJtVS9VK0ZxS2lkclVML2RqQ3pCSWttCkxKVm54U1VLMVZsWVBkcEZOZTlTbDlURjZ4WTA5ekx6aG1uL0E3bXNtRS9qeUQ5ZTRTT3F2UFAvczcrTjFNWEMKZTVLRUNybkY5UEVDCi0tLS0tRU5EIENFUlRJRklDQVRFLS0tLS0K"
              }
            ],
            "cluster_id": null,
            "compute_config": [],
            "created_at": "2025-01-06T12:03:24Z",
            "enabled_cluster_log_types": [],
            "encryption_config": [],
            "endpoint": "https://E29B00650B55EE97D6C940AB4FCF0067.gr7.eu-central-1.eks.amazonaws.com",
            "id": "booking-service-eks-dev",
            "identity": [
              {
                "oidc": [
                  {
                    "issuer": "https://oidc.eks.eu-central-1.amazonaws.com/id/E29B00650B55EE97D6C940AB4FCF0067"
                  }
                ]
              }
            ],
            "kubernetes_network_config": [
              {
                "elastic_load_balancing": [
                  {
                    "enabled": false
                  }
                ],
                "ip_family": "ipv4",
                "service_ipv4_cidr": "172.20.0.0/16",
                "service_ipv6_cidr": ""
              }
            ],
            "name": "booking-service-eks-dev",
            "outpost_config": [],
            "platform_version": "eks.16",
            "remote_network_config": [],
            "role_arn": "arn:aws:iam::578748851450:role/booking-service-eks-dev_eks_cluster_role",
            "status": "ACTIVE",
            "storage_config": [],
            "tags": {},
            "tags_all": {},
            "timeouts": null,
            "upgrade_policy": [
              {
                "support_type": "EXTENDED"
              }
            ],
            "version": "1.31",
            "vpc_config": [
              {
                "cluster_security_group_id": "sg-0f2949570bd042691",
                "endpoint_private_access": false,
                "endpoint_public_access": true,
                "public_access_cidrs": [
                  "0.0.0.0/0"
                ],
                "security_group_ids": [],
                "subnet_ids": [
                  "subnet-007bbffefb3445270",
                  "subnet-082708b47722ee1ce"
                ],
                "vpc_id": "vpc-0f9479ed83167a2e9"
              }
            ],
            "zonal_shift_config": []
          },
          "sensitive_attributes": [],
          "private": "eyJlMmJmYjczMC1lY2FhLTExZTYtOGY4OC0zNDM2M2JjN2M0YzAiOnsiY3JlYXRlIjoxODAwMDAwMDAwMDAwLCJkZWxldGUiOjkwMDAwMDAwMDAwMCwidXBkYXRlIjozNjAwMDAwMDAwMDAwfSwic2NoZW1hX3ZlcnNpb24iOiIxIn0=",
          "dependencies": [
            "module.eks.aws_iam_role.cluster",
            "module.eks.aws_iam_role_policy_attachment.cluster_AmazonEKSClusterPolicy",
            "module.network.aws_eip.nat",
            "module.network.aws_internet_gateway.igw",
            "module.network.aws_nat_gateway.nat",
            "module.network.aws_route_table.private",
            "module.network.aws_route_table.public",
            "module.network.aws_route_table_association.private_zone_1",
            "module.network.aws_route_table_association.private_zone_2",
            "module.network.aws_route_table_association.public_zone_1",
            "module.network.aws_route_table_association.public_zone_2",
            "module.network.aws_subnet.private_zone_1",
            "module.network.aws_subnet.private_zone_2",
            "module.network.aws_subnet.public_zone_1",
            "module.network.aws_subnet.public_zone_2",
            "module.network.aws_vpc.main"
          ]
        }
      ]
    },
    {
      "module": "module.eks",
      "mode": "managed",
      "type": "aws_eks_node_group",
      "name": "cluster_nodes",
      "provider": "provider[\"registry.terraform.io/hashicorp/aws\"]",
      "instances": [
        {
          "schema_version": 0,
          "attributes": {
            "ami_type": "AL2023_x86_64_STANDARD",
            "arn": "arn:aws:eks:eu-central-1:578748851450:nodegroup/booking-service-eks-dev/general-booking-service-eks-dev-node-group/2aca1dc2-63cd-58da-7281-849798c1cf99",
            "capacity_type": "ON_DEMAND",
            "cluster_name": "booking-service-eks-dev",
            "disk_size": 20,
            "force_update_version": null,
            "id": "booking-service-eks-dev:general-booking-service-eks-dev-node-group",
            "instance_types": [
              "t3.medium"
            ],
            "labels": {
              "role": "general"
            },
            "launch_template": [],
            "node_group_name": "general-booking-service-eks-dev-node-group",
            "node_group_name_prefix": "",
            "node_role_arn": "arn:aws:iam::578748851450:role/booking-service-eks-dev-node-group-role",
            "release_version": "1.31.3-20241225",
            "remote_access": [],
            "resources": [
              {
                "autoscaling_groups": [
                  {
                    "name": "eks-general-booking-service-eks-dev-node-group-2aca1dc2-63cd-58da-7281-849798c1cf99"
                  }
                ],
                "remote_access_security_group_id": ""
              }
            ],
            "scaling_config": [
              {
                "desired_size": 3,
                "max_size": 4,
                "min_size": 2
              }
            ],
            "status": "ACTIVE",
            "subnet_ids": [
              "subnet-007bbffefb3445270",
              "subnet-082708b47722ee1ce"
            ],
            "tags": {},
            "tags_all": {},
            "taint": [],
            "timeouts": null,
            "update_config": [
              {
                "max_unavailable": 1,
                "max_unavailable_percentage": 0
              }
            ],
            "version": "1.31"
          },
          "sensitive_attributes": [],
          "private": "eyJlMmJmYjczMC1lY2FhLTExZTYtOGY4OC0zNDM2M2JjN2M0YzAiOnsiY3JlYXRlIjozNjAwMDAwMDAwMDAwLCJkZWxldGUiOjM2MDAwMDAwMDAwMDAsInVwZGF0ZSI6MzYwMDAwMDAwMDAwMH19",
          "dependencies": [
            "module.eks.aws_eks_cluster.eks",
            "module.eks.aws_iam_role.cluster",
            "module.eks.aws_iam_role.node_group_role",
            "module.eks.aws_iam_role_policy_attachment.cluster_AmazonEKSClusterPolicy",
            "module.eks.aws_iam_role_policy_attachment.node_group_AmazonEC2ContainerRegistryReadOnly",
            "module.eks.aws_iam_role_policy_attachment.node_group_AmazonEKSWorkerNodePolicy",
            "module.eks.aws_iam_role_policy_attachment.node_group_AmazonEKS_CNI_Policy",
            "module.network.aws_eip.nat",
            "module.network.aws_internet_gateway.igw",
            "module.network.aws_nat_gateway.nat",
            "module.network.aws_route_table.private",
            "module.network.aws_route_table.public",
            "module.network.aws_route_table_association.private_zone_1",
            "module.network.aws_route_table_association.private_zone_2",
            "module.network.aws_route_table_association.public_zone_1",
            "module.network.aws_route_table_association.public_zone_2",
            "module.network.aws_subnet.private_zone_1",
            "module.network.aws_subnet.private_zone_2",
            "module.network.aws_subnet.public_zone_1",
            "module.network.aws_subnet.public_zone_2",
            "module.network.aws_vpc.main"
          ]
        }
      ]
    },
    {
      "module": "module.eks",
      "mode": "managed",
      "type": "aws_eks_pod_identity_association",
      "name": "cluster_autoscaler_identity",
      "provider": "provider[\"registry.terraform.io/hashicorp/aws\"]",
      "instances": [
        {
          "schema_version": 0,
          "attributes": {
            "association_arn": "arn:aws:eks:eu-central-1:578748851450:podidentityassociation/booking-service-eks-dev/a-zkpklf9uvt0jixtyp",
            "association_id": "a-zkpklf9uvt0jixtyp",
            "cluster_name": "booking-service-eks-dev",
            "id": "a-zkpklf9uvt0jixtyp",
            "namespace": "kube-system",
            "role_arn": "arn:aws:iam::578748851450:role/cluster_autoscaler_role",
            "service_account": "cluster-autoscaler",
            "tags": null,
            "tags_all": {}
          },
          "sensitive_attributes": [],
          "dependencies": [
            "module.eks.aws_eks_cluster.eks",
            "module.eks.aws_iam_role.cluster",
            "module.eks.aws_iam_role.cluster_autoscaler_role",
            "module.eks.aws_iam_role_policy_attachment.cluster_AmazonEKSClusterPolicy",
            "module.network.aws_eip.nat",
            "module.network.aws_internet_gateway.igw",
            "module.network.aws_nat_gateway.nat",
            "module.network.aws_route_table.private",
            "module.network.aws_route_table.public",
            "module.network.aws_route_table_association.private_zone_1",
            "module.network.aws_route_table_association.private_zone_2",
            "module.network.aws_route_table_association.public_zone_1",
            "module.network.aws_route_table_association.public_zone_2",
            "module.network.aws_subnet.private_zone_1",
            "module.network.aws_subnet.private_zone_2",
            "module.network.aws_subnet.public_zone_1",
            "module.network.aws_subnet.public_zone_2",
            "module.network.aws_vpc.main"
          ]
        }
      ]
    },
    {
      "module": "module.eks",
      "mode": "managed",
      "type": "aws_iam_policy",
      "name": "cluster_autoscaler_policy",
      "provider": "provider[\"registry.terraform.io/hashicorp/aws\"]",
      "instances": [
        {
          "schema_version": 0,
          "attributes": {
            "arn": "arn:aws:iam::578748851450:policy/cluster_autoscaler_policy",
            "attachment_count": 1,
            "description": "",
            "id": "arn:aws:iam::578748851450:policy/cluster_autoscaler_policy",
            "name": "cluster_autoscaler_policy",
            "name_prefix": "",
            "path": "/",
            "policy": "{\"Statement\":[{\"Action\":[\"autoscaling:DescribeAutoScalingGroups\",\"autoscaling:DescribeAutoScalingInstances\",\"autoscaling:DescribeLaunchConfigurations\",\"autoscaling:DescribeScalingActivities\",\"ec2:DescribeImages\",\"ec2:DescribeInstanceTypes\",\"ec2:DescribeLaunchTemplateVersions\",\"ec2:GetInstanceTypesFromInstanceRequirements\",\"eks:DescribeNodegroup\"],\"Effect\":\"Allow\",\"Resource\":[\"*\"]},{\"Action\":[\"autoscaling:SetDesiredCapacity\",\"autoscaling:TerminateInstanceInAutoScalingGroup\"],\"Effect\":\"Allow\",\"Resource\":[\"*\"]}],\"Version\":\"2012-10-17\"}",
            "policy_id": "ANPAYNQA6UT5GXNWLFOU7",
            "tags": {},
            "tags_all": {}
          },
          "sensitive_attributes": [],
          "private": "bnVsbA==",
          "dependencies": [
            "module.network.aws_eip.nat",
            "module.network.aws_internet_gateway.igw",
            "module.network.aws_nat_gateway.nat",
            "module.network.aws_route_table.private",
            "module.network.aws_route_table.public",
            "module.network.aws_route_table_association.private_zone_1",
            "module.network.aws_route_table_association.private_zone_2",
            "module.network.aws_route_table_association.public_zone_1",
            "module.network.aws_route_table_association.public_zone_2",
            "module.network.aws_subnet.private_zone_1",
            "module.network.aws_subnet.private_zone_2",
            "module.network.aws_subnet.public_zone_1",
            "module.network.aws_subnet.public_zone_2",
            "module.network.aws_vpc.main"
          ]
        }
      ]
    },
    {
      "module": "module.eks",
      "mode": "managed",
      "type": "aws_iam_policy",
      "name": "developer_policy",
      "provider": "provider[\"registry.terraform.io/hashicorp/aws\"]",
      "instances": [
        {
          "schema_version": 0,
          "attributes": {
            "arn": "arn:aws:iam::578748851450:policy/AmazonEKSDeveloperPolicy",
            "attachment_count": 1,
            "description": "",
            "id": "arn:aws:iam::578748851450:policy/AmazonEKSDeveloperPolicy",
            "name": "AmazonEKSDeveloperPolicy",
            "name_prefix": "",
            "path": "/",
            "policy": "{\"Statement\":[{\"Action\":[\"eks:DescribeCluster\",\"eks:ListClusters\"],\"Effect\":\"Allow\",\"Resource\":\"*\"}],\"Version\":\"2012-10-17\"}",
            "policy_id": "ANPAYNQA6UT5PUO47MPWR",
            "tags": {},
            "tags_all": {}
          },
          "sensitive_attributes": [],
          "private": "bnVsbA==",
          "dependencies": [
            "module.network.aws_eip.nat",
            "module.network.aws_internet_gateway.igw",
            "module.network.aws_nat_gateway.nat",
            "module.network.aws_route_table.private",
            "module.network.aws_route_table.public",
            "module.network.aws_route_table_association.private_zone_1",
            "module.network.aws_route_table_association.private_zone_2",
            "module.network.aws_route_table_association.public_zone_1",
            "module.network.aws_route_table_association.public_zone_2",
            "module.network.aws_subnet.private_zone_1",
            "module.network.aws_subnet.private_zone_2",
            "module.network.aws_subnet.public_zone_1",
            "module.network.aws_subnet.public_zone_2",
            "module.network.aws_vpc.main"
          ]
        }
      ]
    },
    {
      "module": "module.eks",
      "mode": "managed",
      "type": "aws_iam_policy",
      "name": "eks_admin_policy",
      "provider": "provider[\"registry.terraform.io/hashicorp/aws\"]",
      "instances": [
        {
          "schema_version": 0,
          "attributes": {
            "arn": "arn:aws:iam::578748851450:policy/dev-booking-service-eks-dev-eks-admin-policy",
            "attachment_count": 1,
            "description": "",
            "id": "arn:aws:iam::578748851450:policy/dev-booking-service-eks-dev-eks-admin-policy",
            "name": "dev-booking-service-eks-dev-eks-admin-policy",
            "name_prefix": "",
            "path": "/",
            "policy": "{\"Statement\":[{\"Action\":[\"eks:*\"],\"Effect\":\"Allow\",\"Resource\":\"*\"},{\"Action\":[\"iam:PassRole\"],\"Condition\":{\"StringEquals\":{\"iam:PassedToService\":\"eks.amazonaws.com\"}},\"Effect\":\"Allow\",\"Resource\":\"*\"}],\"Version\":\"2012-10-17\"}",
            "policy_id": "ANPAYNQA6UT5EYAZS4TAL",
            "tags": {},
            "tags_all": {}
          },
          "sensitive_attributes": [],
          "private": "bnVsbA==",
          "dependencies": [
            "module.network.aws_eip.nat",
            "module.network.aws_internet_gateway.igw",
            "module.network.aws_nat_gateway.nat",
            "module.network.aws_route_table.private",
            "module.network.aws_route_table.public",
            "module.network.aws_route_table_association.private_zone_1",
            "module.network.aws_route_table_association.private_zone_2",
            "module.network.aws_route_table_association.public_zone_1",
            "module.network.aws_route_table_association.public_zone_2",
            "module.network.aws_subnet.private_zone_1",
            "module.network.aws_subnet.private_zone_2",
            "module.network.aws_subnet.public_zone_1",
            "module.network.aws_subnet.public_zone_2",
            "module.network.aws_vpc.main"
          ]
        }
      ]
    },
    {
      "module": "module.eks",
      "mode": "managed",
      "type": "aws_iam_policy",
      "name": "eks_assume_admin_policy",
      "provider": "provider[\"registry.terraform.io/hashicorp/aws\"]",
      "instances": [
        {
          "schema_version": 0,
          "attributes": {
            "arn": "arn:aws:iam::578748851450:policy/eks_admin_policy",
            "attachment_count": 1,
            "description": "",
            "id": "arn:aws:iam::578748851450:policy/eks_admin_policy",
            "name": "eks_admin_policy",
            "name_prefix": "",
            "path": "/",
            "policy": "{\"Statement\":[{\"Action\":[\"sts:AssumeRole\"],\"Effect\":\"Allow\",\"Resource\":\"arn:aws:iam::578748851450:role/dev-booking-service-eks-dev-admin-role\"}],\"Version\":\"2012-10-17\"}",
            "policy_id": "ANPAYNQA6UT5B3HUFIKVB",
            "tags": {},
            "tags_all": {}
          },
          "sensitive_attributes": [],
          "private": "bnVsbA==",
          "dependencies": [
            "module.eks.aws_iam_role.admin_role",
            "module.eks.data.aws_caller_identity.current",
            "module.network.aws_eip.nat",
            "module.network.aws_internet_gateway.igw",
            "module.network.aws_nat_gateway.nat",
            "module.network.aws_route_table.private",
            "module.network.aws_route_table.public",
            "module.network.aws_route_table_association.private_zone_1",
            "module.network.aws_route_table_association.private_zone_2",
            "module.network.aws_route_table_association.public_zone_1",
            "module.network.aws_route_table_association.public_zone_2",
            "module.network.aws_subnet.private_zone_1",
            "module.network.aws_subnet.private_zone_2",
            "module.network.aws_subnet.public_zone_1",
            "module.network.aws_subnet.public_zone_2",
            "module.network.aws_vpc.main"
          ]
        }
      ]
    },
    {
      "module": "module.eks",
      "mode": "managed",
      "type": "aws_iam_role",
      "name": "admin_role",
      "provider": "provider[\"registry.terraform.io/hashicorp/aws\"]",
      "instances": [
        {
          "schema_version": 0,
          "attributes": {
            "arn": "arn:aws:iam::578748851450:role/dev-booking-service-eks-dev-admin-role",
            "assume_role_policy": "{\"Statement\":[{\"Action\":\"sts:AssumeRole\",\"Effect\":\"Allow\",\"Principal\":{\"AWS\":\"arn:aws:iam::578748851450:root\"},\"Sid\":\"\"}],\"Version\":\"2012-10-17\"}",
            "create_date": "2025-01-06T12:03:21Z",
            "description": "",
            "force_detach_policies": false,
            "id": "dev-booking-service-eks-dev-admin-role",
            "inline_policy": [],
            "managed_policy_arns": [
              "arn:aws:iam::578748851450:policy/dev-booking-service-eks-dev-eks-admin-policy"
            ],
            "max_session_duration": 3600,
            "name": "dev-booking-service-eks-dev-admin-role",
            "name_prefix": "",
            "path": "/",
            "permissions_boundary": "",
            "tags": {},
            "tags_all": {},
            "unique_id": "AROAYNQA6UT5PENYWP47V"
          },
          "sensitive_attributes": [],
          "private": "bnVsbA==",
          "dependencies": [
            "module.eks.data.aws_caller_identity.current",
            "module.network.aws_eip.nat",
            "module.network.aws_internet_gateway.igw",
            "module.network.aws_nat_gateway.nat",
            "module.network.aws_route_table.private",
            "module.network.aws_route_table.public",
            "module.network.aws_route_table_association.private_zone_1",
            "module.network.aws_route_table_association.private_zone_2",
            "module.network.aws_route_table_association.public_zone_1",
            "module.network.aws_route_table_association.public_zone_2",
            "module.network.aws_subnet.private_zone_1",
            "module.network.aws_subnet.private_zone_2",
            "module.network.aws_subnet.public_zone_1",
            "module.network.aws_subnet.public_zone_2",
            "module.network.aws_vpc.main"
          ]
        }
      ]
    },
    {
      "module": "module.eks",
      "mode": "managed",
      "type": "aws_iam_role",
      "name": "cluster",
      "provider": "provider[\"registry.terraform.io/hashicorp/aws\"]",
      "instances": [
        {
          "schema_version": 0,
          "attributes": {
            "arn": "arn:aws:iam::578748851450:role/booking-service-eks-dev_eks_cluster_role",
            "assume_role_policy": "{\"Statement\":[{\"Action\":[\"sts:AssumeRole\",\"sts:TagSession\"],\"Effect\":\"Allow\",\"Principal\":{\"Service\":\"eks.amazonaws.com\"}}],\"Version\":\"2012-10-17\"}",
            "create_date": "2025-01-06T12:03:21Z",
            "description": "",
            "force_detach_policies": false,
            "id": "booking-service-eks-dev_eks_cluster_role",
            "inline_policy": [],
            "managed_policy_arns": [
              "arn:aws:iam::aws:policy/AmazonEKSClusterPolicy"
            ],
            "max_session_duration": 3600,
            "name": "booking-service-eks-dev_eks_cluster_role",
            "name_prefix": "",
            "path": "/",
            "permissions_boundary": "",
            "tags": {},
            "tags_all": {},
            "unique_id": "AROAYNQA6UT5EWVHM3GJT"
          },
          "sensitive_attributes": [],
          "private": "bnVsbA==",
          "dependencies": [
            "module.network.aws_eip.nat",
            "module.network.aws_internet_gateway.igw",
            "module.network.aws_nat_gateway.nat",
            "module.network.aws_route_table.private",
            "module.network.aws_route_table.public",
            "module.network.aws_route_table_association.private_zone_1",
            "module.network.aws_route_table_association.private_zone_2",
            "module.network.aws_route_table_association.public_zone_1",
            "module.network.aws_route_table_association.public_zone_2",
            "module.network.aws_subnet.private_zone_1",
            "module.network.aws_subnet.private_zone_2",
            "module.network.aws_subnet.public_zone_1",
            "module.network.aws_subnet.public_zone_2",
            "module.network.aws_vpc.main"
          ]
        }
      ]
    },
    {
      "module": "module.eks",
      "mode": "managed",
      "type": "aws_iam_role",
      "name": "cluster_autoscaler_role",
      "provider": "provider[\"registry.terraform.io/hashicorp/aws\"]",
      "instances": [
        {
          "schema_version": 0,
          "attributes": {
            "arn": "arn:aws:iam::578748851450:role/cluster_autoscaler_role",
            "assume_role_policy": "{\"Statement\":[{\"Action\":[\"sts:AssumeRole\",\"sts:TagSession\"],\"Effect\":\"Allow\",\"Principal\":{\"Service\":\"pods.eks.amazonaws.com\"}}],\"Version\":\"2012-10-17\"}",
            "create_date": "2025-01-06T12:03:21Z",
            "description": "",
            "force_detach_policies": false,
            "id": "cluster_autoscaler_role",
            "inline_policy": [],
            "managed_policy_arns": [
              "arn:aws:iam::578748851450:policy/cluster_autoscaler_policy"
            ],
            "max_session_duration": 3600,
            "name": "cluster_autoscaler_role",
            "name_prefix": "",
            "path": "/",
            "permissions_boundary": "",
            "tags": {},
            "tags_all": {},
            "unique_id": "AROAYNQA6UT5GJ2IA6I75"
          },
          "sensitive_attributes": [],
          "private": "bnVsbA==",
          "dependencies": [
            "module.network.aws_eip.nat",
            "module.network.aws_internet_gateway.igw",
            "module.network.aws_nat_gateway.nat",
            "module.network.aws_route_table.private",
            "module.network.aws_route_table.public",
            "module.network.aws_route_table_association.private_zone_1",
            "module.network.aws_route_table_association.private_zone_2",
            "module.network.aws_route_table_association.public_zone_1",
            "module.network.aws_route_table_association.public_zone_2",
            "module.network.aws_subnet.private_zone_1",
            "module.network.aws_subnet.private_zone_2",
            "module.network.aws_subnet.public_zone_1",
            "module.network.aws_subnet.public_zone_2",
            "module.network.aws_vpc.main"
          ]
        }
      ]
    },
    {
      "module": "module.eks",
      "mode": "managed",
      "type": "aws_iam_role",
      "name": "node_group_role",
      "provider": "provider[\"registry.terraform.io/hashicorp/aws\"]",
      "instances": [
        {
          "schema_version": 0,
          "attributes": {
            "arn": "arn:aws:iam::578748851450:role/booking-service-eks-dev-node-group-role",
            "assume_role_policy": "{\"Statement\":[{\"Action\":\"sts:AssumeRole\",\"Effect\":\"Allow\",\"Principal\":{\"Service\":\"ec2.amazonaws.com\"}}],\"Version\":\"2012-10-17\"}",
            "create_date": "2025-01-06T12:03:21Z",
            "description": "",
            "force_detach_policies": false,
            "id": "booking-service-eks-dev-node-group-role",
            "inline_policy": [],
            "managed_policy_arns": [
              "arn:aws:iam::aws:policy/AmazonEC2ContainerRegistryReadOnly",
              "arn:aws:iam::aws:policy/AmazonEKSWorkerNodePolicy",
              "arn:aws:iam::aws:policy/AmazonEKS_CNI_Policy"
            ],
            "max_session_duration": 3600,
            "name": "booking-service-eks-dev-node-group-role",
            "name_prefix": "",
            "path": "/",
            "permissions_boundary": "",
            "tags": {},
            "tags_all": {},
            "unique_id": "AROAYNQA6UT5B2MR743M4"
          },
          "sensitive_attributes": [],
          "private": "bnVsbA==",
          "dependencies": [
            "module.network.aws_eip.nat",
            "module.network.aws_internet_gateway.igw",
            "module.network.aws_nat_gateway.nat",
            "module.network.aws_route_table.private",
            "module.network.aws_route_table.public",
            "module.network.aws_route_table_association.private_zone_1",
            "module.network.aws_route_table_association.private_zone_2",
            "module.network.aws_route_table_association.public_zone_1",
            "module.network.aws_route_table_association.public_zone_2",
            "module.network.aws_subnet.private_zone_1",
            "module.network.aws_subnet.private_zone_2",
            "module.network.aws_subnet.public_zone_1",
            "module.network.aws_subnet.public_zone_2",
            "module.network.aws_vpc.main"
          ]
        }
      ]
    },
    {
      "module": "module.eks",
      "mode": "managed",
      "type": "aws_iam_role_policy_attachment",
      "name": "cluster_AmazonEKSClusterPolicy",
      "provider": "provider[\"registry.terraform.io/hashicorp/aws\"]",
      "instances": [
        {
          "schema_version": 0,
          "attributes": {
            "id": "booking-service-eks-dev_eks_cluster_role-20250106120322618300000006",
            "policy_arn": "arn:aws:iam::aws:policy/AmazonEKSClusterPolicy",
            "role": "booking-service-eks-dev_eks_cluster_role"
          },
          "sensitive_attributes": [],
          "private": "bnVsbA==",
          "dependencies": [
            "module.eks.aws_iam_role.cluster",
            "module.network.aws_eip.nat",
            "module.network.aws_internet_gateway.igw",
            "module.network.aws_nat_gateway.nat",
            "module.network.aws_route_table.private",
            "module.network.aws_route_table.public",
            "module.network.aws_route_table_association.private_zone_1",
            "module.network.aws_route_table_association.private_zone_2",
            "module.network.aws_route_table_association.public_zone_1",
            "module.network.aws_route_table_association.public_zone_2",
            "module.network.aws_subnet.private_zone_1",
            "module.network.aws_subnet.private_zone_2",
            "module.network.aws_subnet.public_zone_1",
            "module.network.aws_subnet.public_zone_2",
            "module.network.aws_vpc.main"
          ]
        }
      ]
    },
    {
      "module": "module.eks",
      "mode": "managed",
      "type": "aws_iam_role_policy_attachment",
      "name": "cluster_autoscaler_policy_attachment",
      "provider": "provider[\"registry.terraform.io/hashicorp/aws\"]",
      "instances": [
        {
          "schema_version": 0,
          "attributes": {
            "id": "cluster_autoscaler_role-20250106120322497000000004",
            "policy_arn": "arn:aws:iam::578748851450:policy/cluster_autoscaler_policy",
            "role": "cluster_autoscaler_role"
          },
          "sensitive_attributes": [],
          "private": "bnVsbA==",
          "dependencies": [
            "module.eks.aws_iam_policy.cluster_autoscaler_policy",
            "module.eks.aws_iam_role.cluster_autoscaler_role",
            "module.network.aws_eip.nat",
            "module.network.aws_internet_gateway.igw",
            "module.network.aws_nat_gateway.nat",
            "module.network.aws_route_table.private",
            "module.network.aws_route_table.public",
            "module.network.aws_route_table_association.private_zone_1",
            "module.network.aws_route_table_association.private_zone_2",
            "module.network.aws_route_table_association.public_zone_1",
            "module.network.aws_route_table_association.public_zone_2",
            "module.network.aws_subnet.private_zone_1",
            "module.network.aws_subnet.private_zone_2",
            "module.network.aws_subnet.public_zone_1",
            "module.network.aws_subnet.public_zone_2",
            "module.network.aws_vpc.main"
          ]
        }
      ]
    },
    {
      "module": "module.eks",
      "mode": "managed",
      "type": "aws_iam_role_policy_attachment",
      "name": "eks_admin_role_attachment",
      "provider": "provider[\"registry.terraform.io/hashicorp/aws\"]",
      "instances": [
        {
          "schema_version": 0,
          "attributes": {
            "id": "dev-booking-service-eks-dev-admin-role-20250106120322634400000008",
            "policy_arn": "arn:aws:iam::578748851450:policy/dev-booking-service-eks-dev-eks-admin-policy",
            "role": "dev-booking-service-eks-dev-admin-role"
          },
          "sensitive_attributes": [],
          "private": "bnVsbA==",
          "dependencies": [
            "module.eks.aws_iam_policy.eks_admin_policy",
            "module.eks.aws_iam_role.admin_role",
            "module.eks.data.aws_caller_identity.current",
            "module.network.aws_eip.nat",
            "module.network.aws_internet_gateway.igw",
            "module.network.aws_nat_gateway.nat",
            "module.network.aws_route_table.private",
            "module.network.aws_route_table.public",
            "module.network.aws_route_table_association.private_zone_1",
            "module.network.aws_route_table_association.private_zone_2",
            "module.network.aws_route_table_association.public_zone_1",
            "module.network.aws_route_table_association.public_zone_2",
            "module.network.aws_subnet.private_zone_1",
            "module.network.aws_subnet.private_zone_2",
            "module.network.aws_subnet.public_zone_1",
            "module.network.aws_subnet.public_zone_2",
            "module.network.aws_vpc.main"
          ]
        }
      ]
    },
    {
      "module": "module.eks",
      "mode": "managed",
      "type": "aws_iam_role_policy_attachment",
      "name": "node_group_AmazonEC2ContainerRegistryReadOnly",
      "provider": "provider[\"registry.terraform.io/hashicorp/aws\"]",
      "instances": [
        {
          "schema_version": 0,
          "attributes": {
            "id": "booking-service-eks-dev-node-group-role-20250106120322645400000009",
            "policy_arn": "arn:aws:iam::aws:policy/AmazonEC2ContainerRegistryReadOnly",
            "role": "booking-service-eks-dev-node-group-role"
          },
          "sensitive_attributes": [],
          "private": "bnVsbA==",
          "dependencies": [
            "module.eks.aws_iam_role.node_group_role",
            "module.network.aws_eip.nat",
            "module.network.aws_internet_gateway.igw",
            "module.network.aws_nat_gateway.nat",
            "module.network.aws_route_table.private",
            "module.network.aws_route_table.public",
            "module.network.aws_route_table_association.private_zone_1",
            "module.network.aws_route_table_association.private_zone_2",
            "module.network.aws_route_table_association.public_zone_1",
            "module.network.aws_route_table_association.public_zone_2",
            "module.network.aws_subnet.private_zone_1",
            "module.network.aws_subnet.private_zone_2",
            "module.network.aws_subnet.public_zone_1",
            "module.network.aws_subnet.public_zone_2",
            "module.network.aws_vpc.main"
          ]
        }
      ]
    },
    {
      "module": "module.eks",
      "mode": "managed",
      "type": "aws_iam_role_policy_attachment",
      "name": "node_group_AmazonEKSWorkerNodePolicy",
      "provider": "provider[\"registry.terraform.io/hashicorp/aws\"]",
      "instances": [
        {
          "schema_version": 0,
          "attributes": {
            "id": "booking-service-eks-dev-node-group-role-20250106120322634400000007",
            "policy_arn": "arn:aws:iam::aws:policy/AmazonEKSWorkerNodePolicy",
            "role": "booking-service-eks-dev-node-group-role"
          },
          "sensitive_attributes": [],
          "private": "bnVsbA==",
          "dependencies": [
            "module.eks.aws_iam_role.node_group_role",
            "module.network.aws_eip.nat",
            "module.network.aws_internet_gateway.igw",
            "module.network.aws_nat_gateway.nat",
            "module.network.aws_route_table.private",
            "module.network.aws_route_table.public",
            "module.network.aws_route_table_association.private_zone_1",
            "module.network.aws_route_table_association.private_zone_2",
            "module.network.aws_route_table_association.public_zone_1",
            "module.network.aws_route_table_association.public_zone_2",
            "module.network.aws_subnet.private_zone_1",
            "module.network.aws_subnet.private_zone_2",
            "module.network.aws_subnet.public_zone_1",
            "module.network.aws_subnet.public_zone_2",
            "module.network.aws_vpc.main"
          ]
        }
      ]
    },
    {
      "module": "module.eks",
      "mode": "managed",
      "type": "aws_iam_role_policy_attachment",
      "name": "node_group_AmazonEKS_CNI_Policy",
      "provider": "provider[\"registry.terraform.io/hashicorp/aws\"]",
      "instances": [
        {
          "schema_version": 0,
          "attributes": {
            "id": "booking-service-eks-dev-node-group-role-2025010612032267220000000a",
            "policy_arn": "arn:aws:iam::aws:policy/AmazonEKS_CNI_Policy",
            "role": "booking-service-eks-dev-node-group-role"
          },
          "sensitive_attributes": [],
          "private": "bnVsbA==",
          "dependencies": [
            "module.eks.aws_iam_role.node_group_role",
            "module.network.aws_eip.nat",
            "module.network.aws_internet_gateway.igw",
            "module.network.aws_nat_gateway.nat",
            "module.network.aws_route_table.private",
            "module.network.aws_route_table.public",
            "module.network.aws_route_table_association.private_zone_1",
            "module.network.aws_route_table_association.private_zone_2",
            "module.network.aws_route_table_association.public_zone_1",
            "module.network.aws_route_table_association.public_zone_2",
            "module.network.aws_subnet.private_zone_1",
            "module.network.aws_subnet.private_zone_2",
            "module.network.aws_subnet.public_zone_1",
            "module.network.aws_subnet.public_zone_2",
            "module.network.aws_vpc.main"
          ]
        }
      ]
    },
    {
      "module": "module.eks",
      "mode": "managed",
      "type": "aws_iam_user",
      "name": "admin_user",
      "provider": "provider[\"registry.terraform.io/hashicorp/aws\"]",
      "instances": [
        {
          "schema_version": 0,
          "attributes": {
            "arn": "arn:aws:iam::578748851450:user/admin",
            "force_destroy": false,
            "id": "admin",
            "name": "admin",
            "path": "/",
            "permissions_boundary": "",
            "tags": {},
            "tags_all": {},
            "unique_id": "AIDAYNQA6UT5JAXDGNVLY"
          },
          "sensitive_attributes": [],
          "private": "bnVsbA==",
          "dependencies": [
            "module.network.aws_eip.nat",
            "module.network.aws_internet_gateway.igw",
            "module.network.aws_nat_gateway.nat",
            "module.network.aws_route_table.private",
            "module.network.aws_route_table.public",
            "module.network.aws_route_table_association.private_zone_1",
            "module.network.aws_route_table_association.private_zone_2",
            "module.network.aws_route_table_association.public_zone_1",
            "module.network.aws_route_table_association.public_zone_2",
            "module.network.aws_subnet.private_zone_1",
            "module.network.aws_subnet.private_zone_2",
            "module.network.aws_subnet.public_zone_1",
            "module.network.aws_subnet.public_zone_2",
            "module.network.aws_vpc.main"
          ]
        }
      ]
    },
    {
      "module": "module.eks",
      "mode": "managed",
      "type": "aws_iam_user",
      "name": "developer",
      "provider": "provider[\"registry.terraform.io/hashicorp/aws\"]",
      "instances": [
        {
          "schema_version": 0,
          "attributes": {
            "arn": "arn:aws:iam::578748851450:user/developer",
            "force_destroy": false,
            "id": "developer",
            "name": "developer",
            "path": "/",
            "permissions_boundary": "",
            "tags": {},
            "tags_all": {},
            "unique_id": "AIDAYNQA6UT5CIJFM2S46"
          },
          "sensitive_attributes": [],
          "private": "bnVsbA==",
          "dependencies": [
            "module.network.aws_eip.nat",
            "module.network.aws_internet_gateway.igw",
            "module.network.aws_nat_gateway.nat",
            "module.network.aws_route_table.private",
            "module.network.aws_route_table.public",
            "module.network.aws_route_table_association.private_zone_1",
            "module.network.aws_route_table_association.private_zone_2",
            "module.network.aws_route_table_association.public_zone_1",
            "module.network.aws_route_table_association.public_zone_2",
            "module.network.aws_subnet.private_zone_1",
            "module.network.aws_subnet.private_zone_2",
            "module.network.aws_subnet.public_zone_1",
            "module.network.aws_subnet.public_zone_2",
            "module.network.aws_vpc.main"
          ]
        }
      ]
    },
    {
      "module": "module.eks",
      "mode": "managed",
      "type": "aws_iam_user_policy_attachment",
      "name": "developer_policy_attachment",
      "provider": "provider[\"registry.terraform.io/hashicorp/aws\"]",
      "instances": [
        {
          "schema_version": 0,
          "attributes": {
            "id": "developer-20250106120322502100000005",
            "policy_arn": "arn:aws:iam::578748851450:policy/AmazonEKSDeveloperPolicy",
            "user": "developer"
          },
          "sensitive_attributes": [],
          "private": "bnVsbA==",
          "dependencies": [
            "module.eks.aws_iam_policy.developer_policy",
            "module.eks.aws_iam_user.developer",
            "module.network.aws_eip.nat",
            "module.network.aws_internet_gateway.igw",
            "module.network.aws_nat_gateway.nat",
            "module.network.aws_route_table.private",
            "module.network.aws_route_table.public",
            "module.network.aws_route_table_association.private_zone_1",
            "module.network.aws_route_table_association.private_zone_2",
            "module.network.aws_route_table_association.public_zone_1",
            "module.network.aws_route_table_association.public_zone_2",
            "module.network.aws_subnet.private_zone_1",
            "module.network.aws_subnet.private_zone_2",
            "module.network.aws_subnet.public_zone_1",
            "module.network.aws_subnet.public_zone_2",
            "module.network.aws_vpc.main"
          ]
        }
      ]
    },
    {
      "module": "module.eks",
      "mode": "managed",
      "type": "aws_iam_user_policy_attachment",
      "name": "eks_admin_policy_attachment",
      "provider": "provider[\"registry.terraform.io/hashicorp/aws\"]",
      "instances": [
        {
          "schema_version": 0,
          "attributes": {
            "id": "admin-2025010612032319940000000b",
            "policy_arn": "arn:aws:iam::578748851450:policy/eks_admin_policy",
            "user": "admin"
          },
          "sensitive_attributes": [],
          "private": "bnVsbA==",
          "dependencies": [
            "module.eks.aws_iam_policy.eks_assume_admin_policy",
            "module.eks.aws_iam_role.admin_role",
            "module.eks.aws_iam_user.admin_user",
            "module.eks.data.aws_caller_identity.current",
            "module.network.aws_eip.nat",
            "module.network.aws_internet_gateway.igw",
            "module.network.aws_nat_gateway.nat",
            "module.network.aws_route_table.private",
            "module.network.aws_route_table.public",
            "module.network.aws_route_table_association.private_zone_1",
            "module.network.aws_route_table_association.private_zone_2",
            "module.network.aws_route_table_association.public_zone_1",
            "module.network.aws_route_table_association.public_zone_2",
            "module.network.aws_subnet.private_zone_1",
            "module.network.aws_subnet.private_zone_2",
            "module.network.aws_subnet.public_zone_1",
            "module.network.aws_subnet.public_zone_2",
            "module.network.aws_vpc.main"
          ]
        }
      ]
    },
    {
      "module": "module.eks",
      "mode": "managed",
      "type": "helm_release",
      "name": "cluster_autoscaler",
      "provider": "provider[\"registry.terraform.io/hashicorp/helm\"]",
      "instances": [
        {
          "schema_version": 1,
          "attributes": {
            "atomic": false,
            "chart": "cluster-autoscaler",
            "cleanup_on_fail": false,
            "create_namespace": false,
            "dependency_update": false,
            "description": null,
            "devel": null,
            "disable_crd_hooks": false,
            "disable_openapi_validation": false,
            "disable_webhooks": false,
            "force_update": false,
            "id": "autoscaler",
            "keyring": null,
            "lint": false,
            "manifest": null,
            "max_history": 0,
            "metadata": [
              {
                "app_version": "1.32.0",
                "chart": "cluster-autoscaler",
                "first_deployed": 1736165487,
                "last_deployed": 1736165487,
                "name": "autoscaler",
                "namespace": "kube-system",
                "notes": "\n\nTo verify that cluster-autoscaler has started, run:\n\n  kubectl --namespace=kube-system get pods -l \"app.kubernetes.io/name=aws-cluster-autoscaler,app.kubernetes.io/instance=autoscaler\"",
                "revision": 1,
                "values": "{\"autoDiscovery\":{\"clusterName\":\"booking-service-eks-dev\"},\"awsRegion\":\"eu-central-1\",\"rbac\":{\"serviceAccount\":{\"name\":\"cluster-autoscaler\"}}}",
                "version": "9.45.0"
              }
            ],
            "name": "autoscaler",
            "namespace": "kube-system",
            "pass_credentials": false,
            "postrender": [],
            "recreate_pods": false,
            "render_subchart_notes": true,
            "replace": false,
            "repository": "https://kubernetes.github.io/autoscaler",
            "repository_ca_file": null,
            "repository_cert_file": null,
            "repository_key_file": null,
            "repository_password": null,
            "repository_username": null,
            "reset_values": false,
            "reuse_values": false,
            "set": [
              {
                "name": "autoDiscovery.clusterName",
                "type": "",
                "value": "booking-service-eks-dev"
              },
              {
                "name": "awsRegion",
                "type": "",
                "value": "eu-central-1"
              },
              {
                "name": "rbac.serviceAccount.name",
                "type": "",
                "value": "cluster-autoscaler"
              }
            ],
            "set_list": [],
            "set_sensitive": [],
            "skip_crds": false,
            "status": "deployed",
            "timeout": 300,
            "values": null,
            "verify": false,
            "version": "9.45.0",
            "wait": true,
            "wait_for_jobs": false
          },
          "sensitive_attributes": [
            [
              {
                "type": "get_attr",
                "value": "repository_password"
              }
            ]
          ],
          "private": "eyJzY2hlbWFfdmVyc2lvbiI6IjEifQ==",
          "dependencies": [
            "data.aws_eks_cluster.eks",
            "data.aws_eks_cluster_auth.eks",
            "module.eks.aws_eks_cluster.eks",
            "module.eks.aws_eks_node_group.cluster_nodes",
            "module.eks.aws_iam_role.cluster",
            "module.eks.aws_iam_role.node_group_role",
            "module.eks.aws_iam_role_policy_attachment.cluster_AmazonEKSClusterPolicy",
            "module.eks.aws_iam_role_policy_attachment.node_group_AmazonEC2ContainerRegistryReadOnly",
            "module.eks.aws_iam_role_policy_attachment.node_group_AmazonEKSWorkerNodePolicy",
            "module.eks.aws_iam_role_policy_attachment.node_group_AmazonEKS_CNI_Policy",
            "module.network.aws_eip.nat",
            "module.network.aws_internet_gateway.igw",
            "module.network.aws_nat_gateway.nat",
            "module.network.aws_route_table.private",
            "module.network.aws_route_table.public",
            "module.network.aws_route_table_association.private_zone_1",
            "module.network.aws_route_table_association.private_zone_2",
            "module.network.aws_route_table_association.public_zone_1",
            "module.network.aws_route_table_association.public_zone_2",
            "module.network.aws_subnet.private_zone_1",
            "module.network.aws_subnet.private_zone_2",
            "module.network.aws_subnet.public_zone_1",
            "module.network.aws_subnet.public_zone_2",
            "module.network.aws_vpc.main"
          ]
        }
      ]
    },
    {
      "module": "module.lb",
      "mode": "managed",
      "type": "aws_eks_pod_identity_association",
      "name": "lb_eks_pod_identity_association",
      "provider": "provider[\"registry.terraform.io/hashicorp/aws\"]",
      "instances": [
        {
          "schema_version": 0,
          "attributes": {
            "association_arn": "arn:aws:eks:eu-central-1:578748851450:podidentityassociation/booking-service-eks-dev/a-h3ffksij8mdkoef3d",
            "association_id": "a-h3ffksij8mdkoef3d",
            "cluster_name": "booking-service-eks-dev",
            "id": "a-h3ffksij8mdkoef3d",
            "namespace": "kube-system",
            "role_arn": "arn:aws:iam::578748851450:role/lb_role",
            "service_account": "aws-load-balancer-controller",
            "tags": null,
            "tags_all": {}
          },
          "sensitive_attributes": [],
          "dependencies": [
            "data.aws_eks_cluster.eks",
            "data.aws_eks_cluster_auth.eks",
            "module.eks.aws_eks_access_entry.admin_entry",
            "module.eks.aws_eks_access_entry.viewer_entry",
            "module.eks.aws_eks_addon.pod-identity",
            "module.eks.aws_eks_cluster.eks",
            "module.eks.aws_eks_node_group.cluster_nodes",
            "module.eks.aws_eks_pod_identity_association.cluster_autoscaler_identity",
            "module.eks.aws_iam_policy.cluster_autoscaler_policy",
            "module.eks.aws_iam_policy.developer_policy",
            "module.eks.aws_iam_policy.eks_admin_policy",
            "module.eks.aws_iam_policy.eks_assume_admin_policy",
            "module.eks.aws_iam_role.admin_role",
            "module.eks.aws_iam_role.cluster",
            "module.eks.aws_iam_role.cluster_autoscaler_role",
            "module.eks.aws_iam_role.node_group_role",
            "module.eks.aws_iam_role_policy_attachment.cluster_AmazonEKSClusterPolicy",
            "module.eks.aws_iam_role_policy_attachment.cluster_autoscaler_policy_attachment",
            "module.eks.aws_iam_role_policy_attachment.eks_admin_role_attachment",
            "module.eks.aws_iam_role_policy_attachment.node_group_AmazonEC2ContainerRegistryReadOnly",
            "module.eks.aws_iam_role_policy_attachment.node_group_AmazonEKSWorkerNodePolicy",
            "module.eks.aws_iam_role_policy_attachment.node_group_AmazonEKS_CNI_Policy",
            "module.eks.aws_iam_user.admin_user",
            "module.eks.aws_iam_user.developer",
            "module.eks.aws_iam_user_policy_attachment.developer_policy_attachment",
            "module.eks.aws_iam_user_policy_attachment.eks_admin_policy_attachment",
            "module.eks.data.aws_caller_identity.current",
            "module.eks.helm_release.cluster_autoscaler",
            "module.lb.aws_iam_role.lb_role",
            "module.network.aws_eip.nat",
            "module.network.aws_internet_gateway.igw",
            "module.network.aws_nat_gateway.nat",
            "module.network.aws_route_table.private",
            "module.network.aws_route_table.public",
            "module.network.aws_route_table_association.private_zone_1",
            "module.network.aws_route_table_association.private_zone_2",
            "module.network.aws_route_table_association.public_zone_1",
            "module.network.aws_route_table_association.public_zone_2",
            "module.network.aws_subnet.private_zone_1",
            "module.network.aws_subnet.private_zone_2",
            "module.network.aws_subnet.public_zone_1",
            "module.network.aws_subnet.public_zone_2",
            "module.network.aws_vpc.main"
          ]
        }
      ]
    },
    {
      "module": "module.lb",
      "mode": "managed",
      "type": "aws_iam_policy",
      "name": "lb_policy",
      "provider": "provider[\"registry.terraform.io/hashicorp/aws\"]",
      "instances": [
        {
          "schema_version": 0,
          "attributes": {
            "arn": "arn:aws:iam::578748851450:policy/AWSLoadBalancerController",
            "attachment_count": 1,
            "description": "",
            "id": "arn:aws:iam::578748851450:policy/AWSLoadBalancerController",
            "name": "AWSLoadBalancerController",
            "name_prefix": "",
            "path": "/",
            "policy": "{\"Statement\":[{\"Action\":[\"iam:CreateServiceLinkedRole\"],\"Condition\":{\"StringEquals\":{\"iam:AWSServiceName\":\"elasticloadbalancing.amazonaws.com\"}},\"Effect\":\"Allow\",\"Resource\":\"*\"},{\"Action\":[\"ec2:DescribeAccountAttributes\",\"ec2:DescribeAddresses\",\"ec2:DescribeAvailabilityZones\",\"ec2:DescribeInternetGateways\",\"ec2:DescribeVpcs\",\"ec2:DescribeVpcPeeringConnections\",\"ec2:DescribeSubnets\",\"ec2:DescribeSecurityGroups\",\"ec2:DescribeInstances\",\"ec2:DescribeNetworkInterfaces\",\"ec2:DescribeTags\",\"ec2:GetCoipPoolUsage\",\"ec2:DescribeCoipPools\",\"elasticloadbalancing:DescribeLoadBalancers\",\"elasticloadbalancing:DescribeLoadBalancerAttributes\",\"elasticloadbalancing:DescribeListeners\",\"elasticloadbalancing:DescribeListenerCertificates\",\"elasticloadbalancing:DescribeSSLPolicies\",\"elasticloadbalancing:DescribeRules\",\"elasticloadbalancing:DescribeTargetGroups\",\"elasticloadbalancing:DescribeTargetGroupAttributes\",\"elasticloadbalancing:DescribeTargetHealth\",\"elasticloadbalancing:DescribeTags\",\"elasticloadbalancing:DescribeTrustStores\"],\"Effect\":\"Allow\",\"Resource\":\"*\"},{\"Action\":[\"cognito-idp:DescribeUserPoolClient\",\"acm:ListCertificates\",\"acm:DescribeCertificate\",\"iam:ListServerCertificates\",\"iam:GetServerCertificate\",\"waf-regional:GetWebACL\",\"waf-regional:GetWebACLForResource\",\"waf-regional:AssociateWebACL\",\"waf-regional:DisassociateWebACL\",\"wafv2:GetWebACL\",\"wafv2:GetWebACLForResource\",\"wafv2:AssociateWebACL\",\"wafv2:DisassociateWebACL\",\"shield:GetSubscriptionState\",\"shield:DescribeProtection\",\"shield:CreateProtection\",\"shield:DeleteProtection\"],\"Effect\":\"Allow\",\"Resource\":\"*\"},{\"Action\":[\"ec2:AuthorizeSecurityGroupIngress\",\"ec2:RevokeSecurityGroupIngress\"],\"Effect\":\"Allow\",\"Resource\":\"*\"},{\"Action\":[\"ec2:CreateSecurityGroup\"],\"Effect\":\"Allow\",\"Resource\":\"*\"},{\"Action\":[\"ec2:CreateTags\"],\"Condition\":{\"Null\":{\"aws:RequestTag/elbv2.k8s.aws/cluster\":\"false\"},\"StringEquals\":{\"ec2:CreateAction\":\"CreateSecurityGroup\"}},\"Effect\":\"Allow\",\"Resource\":\"arn:aws:ec2:*:*:security-group/*\"},{\"Action\":[\"ec2:CreateTags\",\"ec2:DeleteTags\"],\"Condition\":{\"Null\":{\"aws:RequestTag/elbv2.k8s.aws/cluster\":\"true\",\"aws:ResourceTag/elbv2.k8s.aws/cluster\":\"false\"}},\"Effect\":\"Allow\",\"Resource\":\"arn:aws:ec2:*:*:security-group/*\"},{\"Action\":[\"ec2:AuthorizeSecurityGroupIngress\",\"ec2:RevokeSecurityGroupIngress\",\"ec2:DeleteSecurityGroup\"],\"Condition\":{\"Null\":{\"aws:ResourceTag/elbv2.k8s.aws/cluster\":\"false\"}},\"Effect\":\"Allow\",\"Resource\":\"*\"},{\"Action\":[\"elasticloadbalancing:CreateLoadBalancer\",\"elasticloadbalancing:CreateTargetGroup\"],\"Condition\":{\"Null\":{\"aws:RequestTag/elbv2.k8s.aws/cluster\":\"false\"}},\"Effect\":\"Allow\",\"Resource\":\"*\"},{\"Action\":[\"elasticloadbalancing:CreateListener\",\"elasticloadbalancing:DeleteListener\",\"elasticloadbalancing:CreateRule\",\"elasticloadbalancing:DeleteRule\"],\"Effect\":\"Allow\",\"Resource\":\"*\"},{\"Action\":[\"elasticloadbalancing:AddTags\",\"elasticloadbalancing:RemoveTags\"],\"Condition\":{\"Null\":{\"aws:RequestTag/elbv2.k8s.aws/cluster\":\"true\",\"aws:ResourceTag/elbv2.k8s.aws/cluster\":\"false\"}},\"Effect\":\"Allow\",\"Resource\":[\"arn:aws:elasticloadbalancing:*:*:targetgroup/*/*\",\"arn:aws:elasticloadbalancing:*:*:loadbalancer/net/*/*\",\"arn:aws:elasticloadbalancing:*:*:loadbalancer/app/*/*\"]},{\"Action\":[\"elasticloadbalancing:AddTags\",\"elasticloadbalancing:RemoveTags\"],\"Effect\":\"Allow\",\"Resource\":[\"arn:aws:elasticloadbalancing:*:*:listener/net/*/*/*\",\"arn:aws:elasticloadbalancing:*:*:listener/app/*/*/*\",\"arn:aws:elasticloadbalancing:*:*:listener-rule/net/*/*/*\",\"arn:aws:elasticloadbalancing:*:*:listener-rule/app/*/*/*\"]},{\"Action\":[\"elasticloadbalancing:ModifyLoadBalancerAttributes\",\"elasticloadbalancing:SetIpAddressType\",\"elasticloadbalancing:SetSecurityGroups\",\"elasticloadbalancing:SetSubnets\",\"elasticloadbalancing:DeleteLoadBalancer\",\"elasticloadbalancing:ModifyTargetGroup\",\"elasticloadbalancing:ModifyTargetGroupAttributes\",\"elasticloadbalancing:DeleteTargetGroup\"],\"Condition\":{\"Null\":{\"aws:ResourceTag/elbv2.k8s.aws/cluster\":\"false\"}},\"Effect\":\"Allow\",\"Resource\":\"*\"},{\"Action\":[\"elasticloadbalancing:AddTags\"],\"Condition\":{\"Null\":{\"aws:RequestTag/elbv2.k8s.aws/cluster\":\"false\"},\"StringEquals\":{\"elasticloadbalancing:CreateAction\":[\"CreateTargetGroup\",\"CreateLoadBalancer\"]}},\"Effect\":\"Allow\",\"Resource\":[\"arn:aws:elasticloadbalancing:*:*:targetgroup/*/*\",\"arn:aws:elasticloadbalancing:*:*:loadbalancer/net/*/*\",\"arn:aws:elasticloadbalancing:*:*:loadbalancer/app/*/*\"]},{\"Action\":[\"elasticloadbalancing:RegisterTargets\",\"elasticloadbalancing:DeregisterTargets\"],\"Effect\":\"Allow\",\"Resource\":\"arn:aws:elasticloadbalancing:*:*:targetgroup/*/*\"},{\"Action\":[\"elasticloadbalancing:SetWebAcl\",\"elasticloadbalancing:ModifyListener\",\"elasticloadbalancing:AddListenerCertificates\",\"elasticloadbalancing:RemoveListenerCertificates\",\"elasticloadbalancing:ModifyRule\"],\"Effect\":\"Allow\",\"Resource\":\"*\"}],\"Version\":\"2012-10-17\"}",
            "policy_id": "ANPAYNQA6UT5KXCGRVFKH",
            "tags": {},
            "tags_all": {}
          },
          "sensitive_attributes": [],
          "private": "bnVsbA==",
          "dependencies": [
            "data.aws_eks_cluster.eks",
            "data.aws_eks_cluster_auth.eks",
            "module.eks.aws_eks_access_entry.admin_entry",
            "module.eks.aws_eks_access_entry.viewer_entry",
            "module.eks.aws_eks_addon.pod-identity",
            "module.eks.aws_eks_cluster.eks",
            "module.eks.aws_eks_node_group.cluster_nodes",
            "module.eks.aws_eks_pod_identity_association.cluster_autoscaler_identity",
            "module.eks.aws_iam_policy.cluster_autoscaler_policy",
            "module.eks.aws_iam_policy.developer_policy",
            "module.eks.aws_iam_policy.eks_admin_policy",
            "module.eks.aws_iam_policy.eks_assume_admin_policy",
            "module.eks.aws_iam_role.admin_role",
            "module.eks.aws_iam_role.cluster",
            "module.eks.aws_iam_role.cluster_autoscaler_role",
            "module.eks.aws_iam_role.node_group_role",
            "module.eks.aws_iam_role_policy_attachment.cluster_AmazonEKSClusterPolicy",
            "module.eks.aws_iam_role_policy_attachment.cluster_autoscaler_policy_attachment",
            "module.eks.aws_iam_role_policy_attachment.eks_admin_role_attachment",
            "module.eks.aws_iam_role_policy_attachment.node_group_AmazonEC2ContainerRegistryReadOnly",
            "module.eks.aws_iam_role_policy_attachment.node_group_AmazonEKSWorkerNodePolicy",
            "module.eks.aws_iam_role_policy_attachment.node_group_AmazonEKS_CNI_Policy",
            "module.eks.aws_iam_user.admin_user",
            "module.eks.aws_iam_user.developer",
            "module.eks.aws_iam_user_policy_attachment.developer_policy_attachment",
            "module.eks.aws_iam_user_policy_attachment.eks_admin_policy_attachment",
            "module.eks.data.aws_caller_identity.current",
            "module.eks.helm_release.cluster_autoscaler",
            "module.network.aws_eip.nat",
            "module.network.aws_internet_gateway.igw",
            "module.network.aws_nat_gateway.nat",
            "module.network.aws_route_table.private",
            "module.network.aws_route_table.public",
            "module.network.aws_route_table_association.private_zone_1",
            "module.network.aws_route_table_association.private_zone_2",
            "module.network.aws_route_table_association.public_zone_1",
            "module.network.aws_route_table_association.public_zone_2",
            "module.network.aws_subnet.private_zone_1",
            "module.network.aws_subnet.private_zone_2",
            "module.network.aws_subnet.public_zone_1",
            "module.network.aws_subnet.public_zone_2",
            "module.network.aws_vpc.main"
          ]
        }
      ]
    },
    {
      "module": "module.lb",
      "mode": "managed",
      "type": "aws_iam_role",
      "name": "lb_role",
      "provider": "provider[\"registry.terraform.io/hashicorp/aws\"]",
      "instances": [
        {
          "schema_version": 0,
          "attributes": {
            "arn": "arn:aws:iam::578748851450:role/lb_role",
            "assume_role_policy": "{\"Statement\":[{\"Action\":[\"sts:AssumeRole\",\"sts:TagSession\"],\"Effect\":\"Allow\",\"Principal\":{\"Service\":\"pods.eks.amazonaws.com\"}}],\"Version\":\"2012-10-17\"}",
            "create_date": "2025-01-06T12:11:38Z",
            "description": "",
            "force_detach_policies": false,
            "id": "lb_role",
            "inline_policy": [],
            "managed_policy_arns": [
              "arn:aws:iam::578748851450:policy/AWSLoadBalancerController"
            ],
            "max_session_duration": 3600,
            "name": "lb_role",
            "name_prefix": "",
            "path": "/",
            "permissions_boundary": "",
            "tags": {},
            "tags_all": {},
            "unique_id": "AROAYNQA6UT5CVH23IR36"
          },
          "sensitive_attributes": [],
          "private": "bnVsbA==",
          "dependencies": [
            "data.aws_eks_cluster.eks",
            "data.aws_eks_cluster_auth.eks",
            "module.eks.aws_eks_access_entry.admin_entry",
            "module.eks.aws_eks_access_entry.viewer_entry",
            "module.eks.aws_eks_addon.pod-identity",
            "module.eks.aws_eks_cluster.eks",
            "module.eks.aws_eks_node_group.cluster_nodes",
            "module.eks.aws_eks_pod_identity_association.cluster_autoscaler_identity",
            "module.eks.aws_iam_policy.cluster_autoscaler_policy",
            "module.eks.aws_iam_policy.developer_policy",
            "module.eks.aws_iam_policy.eks_admin_policy",
            "module.eks.aws_iam_policy.eks_assume_admin_policy",
            "module.eks.aws_iam_role.admin_role",
            "module.eks.aws_iam_role.cluster",
            "module.eks.aws_iam_role.cluster_autoscaler_role",
            "module.eks.aws_iam_role.node_group_role",
            "module.eks.aws_iam_role_policy_attachment.cluster_AmazonEKSClusterPolicy",
            "module.eks.aws_iam_role_policy_attachment.cluster_autoscaler_policy_attachment",
            "module.eks.aws_iam_role_policy_attachment.eks_admin_role_attachment",
            "module.eks.aws_iam_role_policy_attachment.node_group_AmazonEC2ContainerRegistryReadOnly",
            "module.eks.aws_iam_role_policy_attachment.node_group_AmazonEKSWorkerNodePolicy",
            "module.eks.aws_iam_role_policy_attachment.node_group_AmazonEKS_CNI_Policy",
            "module.eks.aws_iam_user.admin_user",
            "module.eks.aws_iam_user.developer",
            "module.eks.aws_iam_user_policy_attachment.developer_policy_attachment",
            "module.eks.aws_iam_user_policy_attachment.eks_admin_policy_attachment",
            "module.eks.data.aws_caller_identity.current",
            "module.eks.helm_release.cluster_autoscaler",
            "module.network.aws_eip.nat",
            "module.network.aws_internet_gateway.igw",
            "module.network.aws_nat_gateway.nat",
            "module.network.aws_route_table.private",
            "module.network.aws_route_table.public",
            "module.network.aws_route_table_association.private_zone_1",
            "module.network.aws_route_table_association.private_zone_2",
            "module.network.aws_route_table_association.public_zone_1",
            "module.network.aws_route_table_association.public_zone_2",
            "module.network.aws_subnet.private_zone_1",
            "module.network.aws_subnet.private_zone_2",
            "module.network.aws_subnet.public_zone_1",
            "module.network.aws_subnet.public_zone_2",
            "module.network.aws_vpc.main"
          ]
        }
      ]
    },
    {
      "module": "module.lb",
      "mode": "managed",
      "type": "aws_iam_role_policy_attachment",
      "name": "lb_policy_attachment",
      "provider": "provider[\"registry.terraform.io/hashicorp/aws\"]",
      "instances": [
        {
          "schema_version": 0,
          "attributes": {
            "id": "lb_role-20250106121139067400000012",
            "policy_arn": "arn:aws:iam::578748851450:policy/AWSLoadBalancerController",
            "role": "lb_role"
          },
          "sensitive_attributes": [],
          "private": "bnVsbA==",
          "dependencies": [
            "data.aws_eks_cluster.eks",
            "data.aws_eks_cluster_auth.eks",
            "module.eks.aws_eks_access_entry.admin_entry",
            "module.eks.aws_eks_access_entry.viewer_entry",
            "module.eks.aws_eks_addon.pod-identity",
            "module.eks.aws_eks_cluster.eks",
            "module.eks.aws_eks_node_group.cluster_nodes",
            "module.eks.aws_eks_pod_identity_association.cluster_autoscaler_identity",
            "module.eks.aws_iam_policy.cluster_autoscaler_policy",
            "module.eks.aws_iam_policy.developer_policy",
            "module.eks.aws_iam_policy.eks_admin_policy",
            "module.eks.aws_iam_policy.eks_assume_admin_policy",
            "module.eks.aws_iam_role.admin_role",
            "module.eks.aws_iam_role.cluster",
            "module.eks.aws_iam_role.cluster_autoscaler_role",
            "module.eks.aws_iam_role.node_group_role",
            "module.eks.aws_iam_role_policy_attachment.cluster_AmazonEKSClusterPolicy",
            "module.eks.aws_iam_role_policy_attachment.cluster_autoscaler_policy_attachment",
            "module.eks.aws_iam_role_policy_attachment.eks_admin_role_attachment",
            "module.eks.aws_iam_role_policy_attachment.node_group_AmazonEC2ContainerRegistryReadOnly",
            "module.eks.aws_iam_role_policy_attachment.node_group_AmazonEKSWorkerNodePolicy",
            "module.eks.aws_iam_role_policy_attachment.node_group_AmazonEKS_CNI_Policy",
            "module.eks.aws_iam_user.admin_user",
            "module.eks.aws_iam_user.developer",
            "module.eks.aws_iam_user_policy_attachment.developer_policy_attachment",
            "module.eks.aws_iam_user_policy_attachment.eks_admin_policy_attachment",
            "module.eks.data.aws_caller_identity.current",
            "module.eks.helm_release.cluster_autoscaler",
            "module.lb.aws_iam_policy.lb_policy",
            "module.lb.aws_iam_role.lb_role",
            "module.network.aws_eip.nat",
            "module.network.aws_internet_gateway.igw",
            "module.network.aws_nat_gateway.nat",
            "module.network.aws_route_table.private",
            "module.network.aws_route_table.public",
            "module.network.aws_route_table_association.private_zone_1",
            "module.network.aws_route_table_association.private_zone_2",
            "module.network.aws_route_table_association.public_zone_1",
            "module.network.aws_route_table_association.public_zone_2",
            "module.network.aws_subnet.private_zone_1",
            "module.network.aws_subnet.private_zone_2",
            "module.network.aws_subnet.public_zone_1",
            "module.network.aws_subnet.public_zone_2",
            "module.network.aws_vpc.main"
          ]
        }
      ]
    },
    {
      "module": "module.lb",
      "mode": "managed",
      "type": "helm_release",
      "name": "cert_manager",
      "provider": "provider[\"registry.terraform.io/hashicorp/helm\"]",
      "instances": [
        {
          "schema_version": 1,
          "attributes": {
            "atomic": false,
            "chart": "cert-manager",
            "cleanup_on_fail": false,
            "create_namespace": true,
            "dependency_update": false,
            "description": null,
            "devel": null,
            "disable_crd_hooks": false,
            "disable_openapi_validation": false,
            "disable_webhooks": false,
            "force_update": false,
            "id": "cert-manager",
            "keyring": null,
            "lint": false,
            "manifest": null,
            "max_history": 0,
            "metadata": [
              {
                "app_version": "v1.16.2",
                "chart": "cert-manager",
                "first_deployed": 1736167511,
                "last_deployed": 1736167511,
                "name": "cert-manager",
                "namespace": "cert-manager",
                "notes": "\n⚠️  WARNING: `installCRDs` is deprecated, use `crds.enabled` instead.\ncert-manager v1.16.2 has been deployed successfully!\n\nIn order to begin issuing certificates, you will need to set up a ClusterIssuer\nor Issuer resource (for example, by creating a 'letsencrypt-staging' issuer).\n\nMore information on the different types of issuers and how to configure them\ncan be found in our documentation:\n\nhttps://cert-manager.io/docs/configuration/\n\nFor information on how to configure cert-manager to automatically provision\nCertificates for Ingress resources, take a look at the `ingress-shim`\ndocumentation:\n\nhttps://cert-manager.io/docs/usage/ingress/\n",
                "revision": 1,
                "values": "{\"installCRDs\":true}",
                "version": "v1.16.2"
              }
            ],
            "name": "cert-manager",
            "namespace": "cert-manager",
            "pass_credentials": false,
            "postrender": [],
            "recreate_pods": false,
            "render_subchart_notes": true,
            "replace": false,
            "repository": "https://charts.jetstack.io",
            "repository_ca_file": null,
            "repository_cert_file": null,
            "repository_key_file": null,
            "repository_password": null,
            "repository_username": null,
            "reset_values": false,
            "reuse_values": false,
            "set": [
              {
                "name": "installCRDs",
                "type": "",
                "value": "true"
              }
            ],
            "set_list": [],
            "set_sensitive": [],
            "skip_crds": false,
            "status": "deployed",
            "timeout": 300,
            "values": null,
            "verify": false,
            "version": "v1.16.2",
            "wait": true,
            "wait_for_jobs": false
          },
          "sensitive_attributes": [
            [
              {
                "type": "get_attr",
                "value": "repository_password"
              }
            ]
          ],
          "private": "eyJzY2hlbWFfdmVyc2lvbiI6IjEifQ==",
          "dependencies": [
            "data.aws_eks_cluster.eks",
            "data.aws_eks_cluster_auth.eks",
            "module.eks.aws_eks_access_entry.admin_entry",
            "module.eks.aws_eks_access_entry.viewer_entry",
            "module.eks.aws_eks_addon.pod-identity",
            "module.eks.aws_eks_cluster.eks",
            "module.eks.aws_eks_node_group.cluster_nodes",
            "module.eks.aws_eks_pod_identity_association.cluster_autoscaler_identity",
            "module.eks.aws_iam_policy.cluster_autoscaler_policy",
            "module.eks.aws_iam_policy.developer_policy",
            "module.eks.aws_iam_policy.eks_admin_policy",
            "module.eks.aws_iam_policy.eks_assume_admin_policy",
            "module.eks.aws_iam_role.admin_role",
            "module.eks.aws_iam_role.cluster",
            "module.eks.aws_iam_role.cluster_autoscaler_role",
            "module.eks.aws_iam_role.node_group_role",
            "module.eks.aws_iam_role_policy_attachment.cluster_AmazonEKSClusterPolicy",
            "module.eks.aws_iam_role_policy_attachment.cluster_autoscaler_policy_attachment",
            "module.eks.aws_iam_role_policy_attachment.eks_admin_role_attachment",
            "module.eks.aws_iam_role_policy_attachment.node_group_AmazonEC2ContainerRegistryReadOnly",
            "module.eks.aws_iam_role_policy_attachment.node_group_AmazonEKSWorkerNodePolicy",
            "module.eks.aws_iam_role_policy_attachment.node_group_AmazonEKS_CNI_Policy",
            "module.eks.aws_iam_user.admin_user",
            "module.eks.aws_iam_user.developer",
            "module.eks.aws_iam_user_policy_attachment.developer_policy_attachment",
            "module.eks.aws_iam_user_policy_attachment.eks_admin_policy_attachment",
            "module.eks.data.aws_caller_identity.current",
            "module.eks.helm_release.cluster_autoscaler",
            "module.lb.helm_release.ingress_nginx",
            "module.lb.helm_release.lbc_release",
            "module.network.aws_eip.nat",
            "module.network.aws_internet_gateway.igw",
            "module.network.aws_nat_gateway.nat",
            "module.network.aws_route_table.private",
            "module.network.aws_route_table.public",
            "module.network.aws_route_table_association.private_zone_1",
            "module.network.aws_route_table_association.private_zone_2",
            "module.network.aws_route_table_association.public_zone_1",
            "module.network.aws_route_table_association.public_zone_2",
            "module.network.aws_subnet.private_zone_1",
            "module.network.aws_subnet.private_zone_2",
            "module.network.aws_subnet.public_zone_1",
            "module.network.aws_subnet.public_zone_2",
            "module.network.aws_vpc.main"
          ]
        }
      ]
    },
    {
      "module": "module.lb",
      "mode": "managed",
      "type": "helm_release",
      "name": "ingress_nginx",
      "provider": "provider[\"registry.terraform.io/hashicorp/helm\"]",
      "instances": [
        {
          "schema_version": 1,
          "attributes": {
            "atomic": false,
            "chart": "ingress-nginx",
            "cleanup_on_fail": false,
            "create_namespace": true,
            "dependency_update": false,
            "description": null,
            "devel": null,
            "disable_crd_hooks": false,
            "disable_openapi_validation": false,
            "disable_webhooks": false,
            "force_update": false,
            "id": "external-ingress",
            "keyring": null,
            "lint": false,
            "manifest": null,
            "max_history": 0,
            "metadata": [
              {
                "app_version": "1.12.0",
                "chart": "ingress-nginx",
                "first_deployed": 1736167383,
                "last_deployed": 1736167383,
                "name": "external-ingress",
                "namespace": "nginx",
                "notes": "The ingress-nginx controller has been installed.\nIt may take a few minutes for the load balancer IP to be available.\nYou can watch the status by running 'kubectl get service --namespace nginx external-ingress-ingress-nginx-controller --output wide --watch'\n\nAn example Ingress that makes use of the controller:\n  apiVersion: networking.k8s.io/v1\n  kind: Ingress\n  metadata:\n    name: example\n    namespace: foo\n  spec:\n    ingressClassName: external-nginx\n    rules:\n      - host: www.example.com\n        http:\n          paths:\n            - pathType: Prefix\n              backend:\n                service:\n                  name: exampleService\n                  port:\n                    number: 80\n              path: /\n    # This section is only required if TLS is to be enabled for the Ingress\n    tls:\n      - hosts:\n        - www.example.com\n        secretName: example-tls\n\nIf TLS is enabled for the Ingress, a Secret containing the certificate and key must also be provided:\n\n  apiVersion: v1\n  kind: Secret\n  metadata:\n    name: example-tls\n    namespace: foo\n  data:\n    tls.crt: \u003cbase64 encoded cert\u003e\n    tls.key: \u003cbase64 encoded key\u003e\n  type: kubernetes.io/tls\n",
                "revision": 1,
                "values": "{\"controller\":{\"ingressClassResource\":{\"name\":\"external-nginx\"},\"service\":{\"annotations\":{\"service.beta.kubernetes.io/aws-load-balancer-nlb-target-type\":\"ip\",\"service.beta.kubernetes.io/aws-load-balancer-scheme\":\"internet-facing\",\"service.beta.kubernetes.io/aws-load-balancer-type\":\"external\"}}}}",
                "version": "4.12.0"
              }
            ],
            "name": "external-ingress",
            "namespace": "nginx",
            "pass_credentials": false,
            "postrender": [],
            "recreate_pods": false,
            "render_subchart_notes": true,
            "replace": false,
            "repository": "https://kubernetes.github.io/ingress-nginx",
            "repository_ca_file": null,
            "repository_cert_file": null,
            "repository_key_file": null,
            "repository_password": null,
            "repository_username": null,
            "reset_values": false,
            "reuse_values": false,
            "set": [],
            "set_list": [],
            "set_sensitive": [],
            "skip_crds": false,
            "status": "deployed",
            "timeout": 300,
            "values": [
              "controller:\n  ingressClassResource:\n    name: external-nginx\n  service:\n    annotations:\n      service.beta.kubernetes.io/aws-load-balancer-nlb-target-type: ip\n      service.beta.kubernetes.io/aws-load-balancer-type: external\n      service.beta.kubernetes.io/aws-load-balancer-scheme: internet-facing"
            ],
            "verify": false,
            "version": "4.12.0",
            "wait": true,
            "wait_for_jobs": false
          },
          "sensitive_attributes": [
            [
              {
                "type": "get_attr",
                "value": "repository_password"
              }
            ]
          ],
          "private": "eyJzY2hlbWFfdmVyc2lvbiI6IjEifQ==",
          "dependencies": [
            "data.aws_eks_cluster.eks",
            "data.aws_eks_cluster_auth.eks",
            "module.eks.aws_eks_access_entry.admin_entry",
            "module.eks.aws_eks_access_entry.viewer_entry",
            "module.eks.aws_eks_addon.pod-identity",
            "module.eks.aws_eks_cluster.eks",
            "module.eks.aws_eks_node_group.cluster_nodes",
            "module.eks.aws_eks_pod_identity_association.cluster_autoscaler_identity",
            "module.eks.aws_iam_policy.cluster_autoscaler_policy",
            "module.eks.aws_iam_policy.developer_policy",
            "module.eks.aws_iam_policy.eks_admin_policy",
            "module.eks.aws_iam_policy.eks_assume_admin_policy",
            "module.eks.aws_iam_role.admin_role",
            "module.eks.aws_iam_role.cluster",
            "module.eks.aws_iam_role.cluster_autoscaler_role",
            "module.eks.aws_iam_role.node_group_role",
            "module.eks.aws_iam_role_policy_attachment.cluster_AmazonEKSClusterPolicy",
            "module.eks.aws_iam_role_policy_attachment.cluster_autoscaler_policy_attachment",
            "module.eks.aws_iam_role_policy_attachment.eks_admin_role_attachment",
            "module.eks.aws_iam_role_policy_attachment.node_group_AmazonEC2ContainerRegistryReadOnly",
            "module.eks.aws_iam_role_policy_attachment.node_group_AmazonEKSWorkerNodePolicy",
            "module.eks.aws_iam_role_policy_attachment.node_group_AmazonEKS_CNI_Policy",
            "module.eks.aws_iam_user.admin_user",
            "module.eks.aws_iam_user.developer",
            "module.eks.aws_iam_user_policy_attachment.developer_policy_attachment",
            "module.eks.aws_iam_user_policy_attachment.eks_admin_policy_attachment",
            "module.eks.data.aws_caller_identity.current",
            "module.eks.helm_release.cluster_autoscaler",
            "module.lb.helm_release.lbc_release",
            "module.network.aws_eip.nat",
            "module.network.aws_internet_gateway.igw",
            "module.network.aws_nat_gateway.nat",
            "module.network.aws_route_table.private",
            "module.network.aws_route_table.public",
            "module.network.aws_route_table_association.private_zone_1",
            "module.network.aws_route_table_association.private_zone_2",
            "module.network.aws_route_table_association.public_zone_1",
            "module.network.aws_route_table_association.public_zone_2",
            "module.network.aws_subnet.private_zone_1",
            "module.network.aws_subnet.private_zone_2",
            "module.network.aws_subnet.public_zone_1",
            "module.network.aws_subnet.public_zone_2",
            "module.network.aws_vpc.main"
          ]
        }
      ]
    },
    {
      "module": "module.lb",
      "mode": "managed",
      "type": "helm_release",
      "name": "lbc_release",
      "provider": "provider[\"registry.terraform.io/hashicorp/helm\"]",
      "instances": [
        {
          "schema_version": 1,
          "attributes": {
            "atomic": false,
            "chart": "aws-load-balancer-controller",
            "cleanup_on_fail": false,
            "create_namespace": false,
            "dependency_update": false,
            "description": null,
            "devel": null,
            "disable_crd_hooks": false,
            "disable_openapi_validation": false,
            "disable_webhooks": false,
            "force_update": false,
            "id": "aws-load-balancer-controller",
            "keyring": null,
            "lint": false,
            "manifest": null,
            "max_history": 0,
            "metadata": [
              {
                "app_version": "v2.8.1",
                "chart": "aws-load-balancer-controller",
                "first_deployed": 1736167336,
                "last_deployed": 1736167336,
                "name": "aws-load-balancer-controller",
                "namespace": "kube-system",
                "notes": "AWS Load Balancer controller installed!\n",
                "revision": 1,
                "values": "{\"clusterName\":\"booking-service-eks-dev\",\"serviceAccount\":{\"name\":\"aws-load-balancer-controller\"},\"vpcId\":\"vpc-0f9479ed83167a2e9\"}",
                "version": "1.8.1"
              }
            ],
            "name": "aws-load-balancer-controller",
            "namespace": "kube-system",
            "pass_credentials": false,
            "postrender": [],
            "recreate_pods": false,
            "render_subchart_notes": true,
            "replace": false,
            "repository": "https://aws.github.io/eks-charts",
            "repository_ca_file": null,
            "repository_cert_file": null,
            "repository_key_file": null,
            "repository_password": null,
            "repository_username": null,
            "reset_values": false,
            "reuse_values": false,
            "set": [
              {
                "name": "clusterName",
                "type": "",
                "value": "booking-service-eks-dev"
              },
              {
                "name": "serviceAccount.name",
                "type": "",
                "value": "aws-load-balancer-controller"
              },
              {
                "name": "vpcId",
                "type": "",
                "value": "vpc-0f9479ed83167a2e9"
              }
            ],
            "set_list": [],
            "set_sensitive": [],
            "skip_crds": false,
            "status": "deployed",
            "timeout": 300,
            "values": null,
            "verify": false,
            "version": "1.8.1",
            "wait": true,
            "wait_for_jobs": false
          },
          "sensitive_attributes": [
            [
              {
                "type": "get_attr",
                "value": "repository_password"
              }
            ]
          ],
          "private": "eyJzY2hlbWFfdmVyc2lvbiI6IjEifQ==",
          "dependencies": [
            "data.aws_eks_cluster.eks",
            "data.aws_eks_cluster_auth.eks",
            "module.eks.aws_eks_access_entry.admin_entry",
            "module.eks.aws_eks_access_entry.viewer_entry",
            "module.eks.aws_eks_addon.pod-identity",
            "module.eks.aws_eks_cluster.eks",
            "module.eks.aws_eks_node_group.cluster_nodes",
            "module.eks.aws_eks_pod_identity_association.cluster_autoscaler_identity",
            "module.eks.aws_iam_policy.cluster_autoscaler_policy",
            "module.eks.aws_iam_policy.developer_policy",
            "module.eks.aws_iam_policy.eks_admin_policy",
            "module.eks.aws_iam_policy.eks_assume_admin_policy",
            "module.eks.aws_iam_role.admin_role",
            "module.eks.aws_iam_role.cluster",
            "module.eks.aws_iam_role.cluster_autoscaler_role",
            "module.eks.aws_iam_role.node_group_role",
            "module.eks.aws_iam_role_policy_attachment.cluster_AmazonEKSClusterPolicy",
            "module.eks.aws_iam_role_policy_attachment.cluster_autoscaler_policy_attachment",
            "module.eks.aws_iam_role_policy_attachment.eks_admin_role_attachment",
            "module.eks.aws_iam_role_policy_attachment.node_group_AmazonEC2ContainerRegistryReadOnly",
            "module.eks.aws_iam_role_policy_attachment.node_group_AmazonEKSWorkerNodePolicy",
            "module.eks.aws_iam_role_policy_attachment.node_group_AmazonEKS_CNI_Policy",
            "module.eks.aws_iam_user.admin_user",
            "module.eks.aws_iam_user.developer",
            "module.eks.aws_iam_user_policy_attachment.developer_policy_attachment",
            "module.eks.aws_iam_user_policy_attachment.eks_admin_policy_attachment",
            "module.eks.data.aws_caller_identity.current",
            "module.eks.helm_release.cluster_autoscaler",
            "module.network.aws_eip.nat",
            "module.network.aws_internet_gateway.igw",
            "module.network.aws_nat_gateway.nat",
            "module.network.aws_route_table.private",
            "module.network.aws_route_table.public",
            "module.network.aws_route_table_association.private_zone_1",
            "module.network.aws_route_table_association.private_zone_2",
            "module.network.aws_route_table_association.public_zone_1",
            "module.network.aws_route_table_association.public_zone_2",
            "module.network.aws_subnet.private_zone_1",
            "module.network.aws_subnet.private_zone_2",
            "module.network.aws_subnet.public_zone_1",
            "module.network.aws_subnet.public_zone_2",
            "module.network.aws_vpc.main"
          ]
        }
      ]
    },
    {
      "module": "module.network",
      "mode": "managed",
      "type": "aws_eip",
      "name": "nat",
      "provider": "provider[\"registry.terraform.io/hashicorp/aws\"]",
      "instances": [
        {
          "schema_version": 0,
          "attributes": {
            "address": null,
            "allocation_id": "eipalloc-0dbcddad645dc8bb3",
            "arn": "arn:aws:ec2:eu-central-1:578748851450:elastic-ip/eipalloc-0dbcddad645dc8bb3",
            "associate_with_private_ip": null,
            "association_id": "eipassoc-05d43127d21aa2d34",
            "carrier_ip": "",
            "customer_owned_ip": "",
            "customer_owned_ipv4_pool": "",
            "domain": "vpc",
            "id": "eipalloc-0dbcddad645dc8bb3",
            "instance": "",
            "ipam_pool_id": null,
            "network_border_group": "eu-central-1",
            "network_interface": "eni-0ce5f566e5cc13cb2",
            "private_dns": "ip-10-0-78-104.eu-central-1.compute.internal",
            "private_ip": "10.0.78.104",
            "ptr_record": "",
            "public_dns": "ec2-3-123-137-182.eu-central-1.compute.amazonaws.com",
            "public_ip": "3.123.137.182",
            "public_ipv4_pool": "amazon",
            "tags": {
              "Name": "dev-nat"
            },
            "tags_all": {
              "Name": "dev-nat"
            },
            "timeouts": null,
            "vpc": true
          },
          "sensitive_attributes": [],
          "private": "eyJlMmJmYjczMC1lY2FhLTExZTYtOGY4OC0zNDM2M2JjN2M0YzAiOnsiZGVsZXRlIjoxODAwMDAwMDAwMDAsInJlYWQiOjkwMDAwMDAwMDAwMCwidXBkYXRlIjozMDAwMDAwMDAwMDB9fQ=="
        }
      ]
    },
    {
      "module": "module.network",
      "mode": "managed",
      "type": "aws_internet_gateway",
      "name": "igw",
      "provider": "provider[\"registry.terraform.io/hashicorp/aws\"]",
      "instances": [
        {
          "schema_version": 0,
          "attributes": {
            "arn": "arn:aws:ec2:eu-central-1:578748851450:internet-gateway/igw-0adce6602c17e35f9",
            "id": "igw-0adce6602c17e35f9",
            "owner_id": "578748851450",
            "tags": {
              "Name": "dev-igw"
            },
            "tags_all": {
              "Name": "dev-igw"
            },
            "timeouts": null,
            "vpc_id": "vpc-0f9479ed83167a2e9"
          },
          "sensitive_attributes": [],
          "private": "eyJlMmJmYjczMC1lY2FhLTExZTYtOGY4OC0zNDM2M2JjN2M0YzAiOnsiY3JlYXRlIjoxMjAwMDAwMDAwMDAwLCJkZWxldGUiOjEyMDAwMDAwMDAwMDAsInVwZGF0ZSI6MTIwMDAwMDAwMDAwMH19",
          "dependencies": [
            "module.network.aws_vpc.main"
          ]
        }
      ]
    },
    {
      "module": "module.network",
      "mode": "managed",
      "type": "aws_nat_gateway",
      "name": "nat",
      "provider": "provider[\"registry.terraform.io/hashicorp/aws\"]",
      "instances": [
        {
          "schema_version": 0,
          "attributes": {
            "allocation_id": "eipalloc-0dbcddad645dc8bb3",
            "association_id": "eipassoc-05d43127d21aa2d34",
            "connectivity_type": "public",
            "id": "nat-018ecb4c306afe92e",
            "network_interface_id": "eni-0ce5f566e5cc13cb2",
            "private_ip": "10.0.78.104",
            "public_ip": "3.123.137.182",
            "secondary_allocation_ids": [],
            "secondary_private_ip_address_count": 0,
            "secondary_private_ip_addresses": [],
            "subnet_id": "subnet-0c3a4c00ccdd54640",
            "tags": {
              "Name": "dev-nat"
            },
            "tags_all": {
              "Name": "dev-nat"
            },
            "timeouts": null
          },
          "sensitive_attributes": [],
          "private": "eyJlMmJmYjczMC1lY2FhLTExZTYtOGY4OC0zNDM2M2JjN2M0YzAiOnsiY3JlYXRlIjo2MDAwMDAwMDAwMDAsImRlbGV0ZSI6MTgwMDAwMDAwMDAwMCwidXBkYXRlIjo2MDAwMDAwMDAwMDB9fQ==",
          "dependencies": [
            "module.network.aws_eip.nat",
            "module.network.aws_internet_gateway.igw",
            "module.network.aws_subnet.public_zone_1",
            "module.network.aws_vpc.main"
          ]
        }
      ]
    },
    {
      "module": "module.network",
      "mode": "managed",
      "type": "aws_route_table",
      "name": "private",
      "provider": "provider[\"registry.terraform.io/hashicorp/aws\"]",
      "instances": [
        {
          "schema_version": 0,
          "attributes": {
            "arn": "arn:aws:ec2:eu-central-1:578748851450:route-table/rtb-0b3185f654937e7e6",
            "id": "rtb-0b3185f654937e7e6",
            "owner_id": "578748851450",
            "propagating_vgws": [],
            "route": [
              {
                "carrier_gateway_id": "",
                "cidr_block": "0.0.0.0/0",
                "core_network_arn": "",
                "destination_prefix_list_id": "",
                "egress_only_gateway_id": "",
                "gateway_id": "",
                "ipv6_cidr_block": "",
                "local_gateway_id": "",
                "nat_gateway_id": "nat-018ecb4c306afe92e",
                "network_interface_id": "",
                "transit_gateway_id": "",
                "vpc_endpoint_id": "",
                "vpc_peering_connection_id": ""
              }
            ],
            "tags": {
              "Name": "dev-private"
            },
            "tags_all": {
              "Name": "dev-private"
            },
            "timeouts": null,
            "vpc_id": "vpc-0f9479ed83167a2e9"
          },
          "sensitive_attributes": [],
          "private": "eyJlMmJmYjczMC1lY2FhLTExZTYtOGY4OC0zNDM2M2JjN2M0YzAiOnsiY3JlYXRlIjozMDAwMDAwMDAwMDAsImRlbGV0ZSI6MzAwMDAwMDAwMDAwLCJ1cGRhdGUiOjEyMDAwMDAwMDAwMH19",
          "dependencies": [
            "module.network.aws_eip.nat",
            "module.network.aws_internet_gateway.igw",
            "module.network.aws_nat_gateway.nat",
            "module.network.aws_subnet.public_zone_1",
            "module.network.aws_vpc.main"
          ]
        }
      ]
    },
    {
      "module": "module.network",
      "mode": "managed",
      "type": "aws_route_table",
      "name": "public",
      "provider": "provider[\"registry.terraform.io/hashicorp/aws\"]",
      "instances": [
        {
          "schema_version": 0,
          "attributes": {
            "arn": "arn:aws:ec2:eu-central-1:578748851450:route-table/rtb-0ee4fcad48caa8d30",
            "id": "rtb-0ee4fcad48caa8d30",
            "owner_id": "578748851450",
            "propagating_vgws": [],
            "route": [
              {
                "carrier_gateway_id": "",
                "cidr_block": "0.0.0.0/0",
                "core_network_arn": "",
                "destination_prefix_list_id": "",
                "egress_only_gateway_id": "",
                "gateway_id": "igw-0adce6602c17e35f9",
                "ipv6_cidr_block": "",
                "local_gateway_id": "",
                "nat_gateway_id": "",
                "network_interface_id": "",
                "transit_gateway_id": "",
                "vpc_endpoint_id": "",
                "vpc_peering_connection_id": ""
              }
            ],
            "tags": {
              "Name": "dev-public"
            },
            "tags_all": {
              "Name": "dev-public"
            },
            "timeouts": null,
            "vpc_id": "vpc-0f9479ed83167a2e9"
          },
          "sensitive_attributes": [],
          "private": "eyJlMmJmYjczMC1lY2FhLTExZTYtOGY4OC0zNDM2M2JjN2M0YzAiOnsiY3JlYXRlIjozMDAwMDAwMDAwMDAsImRlbGV0ZSI6MzAwMDAwMDAwMDAwLCJ1cGRhdGUiOjEyMDAwMDAwMDAwMH19",
          "dependencies": [
            "module.network.aws_internet_gateway.igw",
            "module.network.aws_vpc.main"
          ]
        }
      ]
    },
    {
      "module": "module.network",
      "mode": "managed",
      "type": "aws_route_table_association",
      "name": "private_zone_1",
      "provider": "provider[\"registry.terraform.io/hashicorp/aws\"]",
      "instances": [
        {
          "schema_version": 0,
          "attributes": {
            "gateway_id": "",
            "id": "rtbassoc-013fee4ba2308d4dc",
            "route_table_id": "rtb-0b3185f654937e7e6",
            "subnet_id": "subnet-007bbffefb3445270",
            "timeouts": null
          },
          "sensitive_attributes": [],
          "private": "eyJlMmJmYjczMC1lY2FhLTExZTYtOGY4OC0zNDM2M2JjN2M0YzAiOnsiY3JlYXRlIjozMDAwMDAwMDAwMDAsImRlbGV0ZSI6MzAwMDAwMDAwMDAwLCJ1cGRhdGUiOjEyMDAwMDAwMDAwMH19",
          "dependencies": [
            "module.network.aws_eip.nat",
            "module.network.aws_internet_gateway.igw",
            "module.network.aws_nat_gateway.nat",
            "module.network.aws_route_table.private",
            "module.network.aws_subnet.private_zone_1",
            "module.network.aws_subnet.public_zone_1",
            "module.network.aws_vpc.main"
          ]
        }
      ]
    },
    {
      "module": "module.network",
      "mode": "managed",
      "type": "aws_route_table_association",
      "name": "private_zone_2",
      "provider": "provider[\"registry.terraform.io/hashicorp/aws\"]",
      "instances": [
        {
          "schema_version": 0,
          "attributes": {
            "gateway_id": "",
            "id": "rtbassoc-06b745abbed2d4052",
            "route_table_id": "rtb-0b3185f654937e7e6",
            "subnet_id": "subnet-082708b47722ee1ce",
            "timeouts": null
          },
          "sensitive_attributes": [],
          "private": "eyJlMmJmYjczMC1lY2FhLTExZTYtOGY4OC0zNDM2M2JjN2M0YzAiOnsiY3JlYXRlIjozMDAwMDAwMDAwMDAsImRlbGV0ZSI6MzAwMDAwMDAwMDAwLCJ1cGRhdGUiOjEyMDAwMDAwMDAwMH19",
          "dependencies": [
            "module.network.aws_eip.nat",
            "module.network.aws_internet_gateway.igw",
            "module.network.aws_nat_gateway.nat",
            "module.network.aws_route_table.private",
            "module.network.aws_subnet.private_zone_2",
            "module.network.aws_subnet.public_zone_1",
            "module.network.aws_vpc.main"
          ]
        }
      ]
    },
    {
      "module": "module.network",
      "mode": "managed",
      "type": "aws_route_table_association",
      "name": "public_zone_1",
      "provider": "provider[\"registry.terraform.io/hashicorp/aws\"]",
      "instances": [
        {
          "schema_version": 0,
          "attributes": {
            "gateway_id": "",
            "id": "rtbassoc-0312200b3acda7c8d",
            "route_table_id": "rtb-0ee4fcad48caa8d30",
            "subnet_id": "subnet-0c3a4c00ccdd54640",
            "timeouts": null
          },
          "sensitive_attributes": [],
          "private": "eyJlMmJmYjczMC1lY2FhLTExZTYtOGY4OC0zNDM2M2JjN2M0YzAiOnsiY3JlYXRlIjozMDAwMDAwMDAwMDAsImRlbGV0ZSI6MzAwMDAwMDAwMDAwLCJ1cGRhdGUiOjEyMDAwMDAwMDAwMH19",
          "dependencies": [
            "module.network.aws_internet_gateway.igw",
            "module.network.aws_route_table.public",
            "module.network.aws_subnet.public_zone_1",
            "module.network.aws_vpc.main"
          ]
        }
      ]
    },
    {
      "module": "module.network",
      "mode": "managed",
      "type": "aws_route_table_association",
      "name": "public_zone_2",
      "provider": "provider[\"registry.terraform.io/hashicorp/aws\"]",
      "instances": [
        {
          "schema_version": 0,
          "attributes": {
            "gateway_id": "",
            "id": "rtbassoc-0e0cd520dfa151f7e",
            "route_table_id": "rtb-0ee4fcad48caa8d30",
            "subnet_id": "subnet-080acd9c0f54eec19",
            "timeouts": null
          },
          "sensitive_attributes": [],
          "private": "eyJlMmJmYjczMC1lY2FhLTExZTYtOGY4OC0zNDM2M2JjN2M0YzAiOnsiY3JlYXRlIjozMDAwMDAwMDAwMDAsImRlbGV0ZSI6MzAwMDAwMDAwMDAwLCJ1cGRhdGUiOjEyMDAwMDAwMDAwMH19",
          "dependencies": [
            "module.network.aws_internet_gateway.igw",
            "module.network.aws_route_table.public",
            "module.network.aws_subnet.public_zone_2",
            "module.network.aws_vpc.main"
          ]
        }
      ]
    },
    {
      "module": "module.network",
      "mode": "managed",
      "type": "aws_subnet",
      "name": "private_zone_1",
      "provider": "provider[\"registry.terraform.io/hashicorp/aws\"]",
      "instances": [
        {
          "schema_version": 1,
          "attributes": {
            "arn": "arn:aws:ec2:eu-central-1:578748851450:subnet/subnet-007bbffefb3445270",
            "assign_ipv6_address_on_creation": false,
            "availability_zone": "eu-central-1a",
            "availability_zone_id": "euc1-az2",
            "cidr_block": "10.0.0.0/19",
            "customer_owned_ipv4_pool": "",
            "enable_dns64": false,
            "enable_lni_at_device_index": 0,
            "enable_resource_name_dns_a_record_on_launch": false,
            "enable_resource_name_dns_aaaa_record_on_launch": false,
            "id": "subnet-007bbffefb3445270",
            "ipv6_cidr_block": "",
            "ipv6_cidr_block_association_id": "",
            "ipv6_native": false,
            "map_customer_owned_ip_on_launch": false,
            "map_public_ip_on_launch": false,
            "outpost_arn": "",
            "owner_id": "578748851450",
            "private_dns_hostname_type_on_launch": "ip-name",
            "tags": {
              "Name": "dev-private-eu-central-1a",
              "kubernetes.io/cluster/booking-service-eks-dev": "owned"
            },
            "tags_all": {
              "Name": "dev-private-eu-central-1a",
              "kubernetes.io/cluster/booking-service-eks-dev": "owned"
            },
            "timeouts": null,
            "vpc_id": "vpc-0f9479ed83167a2e9"
          },
          "sensitive_attributes": [],
          "private": "eyJlMmJmYjczMC1lY2FhLTExZTYtOGY4OC0zNDM2M2JjN2M0YzAiOnsiY3JlYXRlIjo2MDAwMDAwMDAwMDAsImRlbGV0ZSI6MTIwMDAwMDAwMDAwMH0sInNjaGVtYV92ZXJzaW9uIjoiMSJ9",
          "dependencies": [
            "module.network.aws_vpc.main"
          ]
        }
      ]
    },
    {
      "module": "module.network",
      "mode": "managed",
      "type": "aws_subnet",
      "name": "private_zone_2",
      "provider": "provider[\"registry.terraform.io/hashicorp/aws\"]",
      "instances": [
        {
          "schema_version": 1,
          "attributes": {
            "arn": "arn:aws:ec2:eu-central-1:578748851450:subnet/subnet-082708b47722ee1ce",
            "assign_ipv6_address_on_creation": false,
            "availability_zone": "eu-central-1b",
            "availability_zone_id": "euc1-az3",
            "cidr_block": "10.0.32.0/19",
            "customer_owned_ipv4_pool": "",
            "enable_dns64": false,
            "enable_lni_at_device_index": 0,
            "enable_resource_name_dns_a_record_on_launch": false,
            "enable_resource_name_dns_aaaa_record_on_launch": false,
            "id": "subnet-082708b47722ee1ce",
            "ipv6_cidr_block": "",
            "ipv6_cidr_block_association_id": "",
            "ipv6_native": false,
            "map_customer_owned_ip_on_launch": false,
            "map_public_ip_on_launch": false,
            "outpost_arn": "",
            "owner_id": "578748851450",
            "private_dns_hostname_type_on_launch": "ip-name",
            "tags": {
              "Name": "dev-private-eu-central-1b",
              "kubernetes.io/cluster/booking-service-eks-dev": "owned"
            },
            "tags_all": {
              "Name": "dev-private-eu-central-1b",
              "kubernetes.io/cluster/booking-service-eks-dev": "owned"
            },
            "timeouts": null,
            "vpc_id": "vpc-0f9479ed83167a2e9"
          },
          "sensitive_attributes": [],
          "private": "eyJlMmJmYjczMC1lY2FhLTExZTYtOGY4OC0zNDM2M2JjN2M0YzAiOnsiY3JlYXRlIjo2MDAwMDAwMDAwMDAsImRlbGV0ZSI6MTIwMDAwMDAwMDAwMH0sInNjaGVtYV92ZXJzaW9uIjoiMSJ9",
          "dependencies": [
            "module.network.aws_vpc.main"
          ]
        }
      ]
    },
    {
      "module": "module.network",
      "mode": "managed",
      "type": "aws_subnet",
      "name": "public_zone_1",
      "provider": "provider[\"registry.terraform.io/hashicorp/aws\"]",
      "instances": [
        {
          "schema_version": 1,
          "attributes": {
            "arn": "arn:aws:ec2:eu-central-1:578748851450:subnet/subnet-0c3a4c00ccdd54640",
            "assign_ipv6_address_on_creation": false,
            "availability_zone": "eu-central-1a",
            "availability_zone_id": "euc1-az2",
            "cidr_block": "10.0.64.0/19",
            "customer_owned_ipv4_pool": "",
            "enable_dns64": false,
            "enable_lni_at_device_index": 0,
            "enable_resource_name_dns_a_record_on_launch": false,
            "enable_resource_name_dns_aaaa_record_on_launch": false,
            "id": "subnet-0c3a4c00ccdd54640",
            "ipv6_cidr_block": "",
            "ipv6_cidr_block_association_id": "",
            "ipv6_native": false,
            "map_customer_owned_ip_on_launch": false,
            "map_public_ip_on_launch": true,
            "outpost_arn": "",
            "owner_id": "578748851450",
            "private_dns_hostname_type_on_launch": "ip-name",
            "tags": {
              "Name": "dev-public-eu-central-1a",
              "kubernetes.io/cluster/booking-service-eks-dev": "owned",
              "kubernetes.io/role/elb": "1"
            },
            "tags_all": {
              "Name": "dev-public-eu-central-1a",
              "kubernetes.io/cluster/booking-service-eks-dev": "owned",
              "kubernetes.io/role/elb": "1"
            },
            "timeouts": null,
            "vpc_id": "vpc-0f9479ed83167a2e9"
          },
          "sensitive_attributes": [],
          "private": "eyJlMmJmYjczMC1lY2FhLTExZTYtOGY4OC0zNDM2M2JjN2M0YzAiOnsiY3JlYXRlIjo2MDAwMDAwMDAwMDAsImRlbGV0ZSI6MTIwMDAwMDAwMDAwMH0sInNjaGVtYV92ZXJzaW9uIjoiMSJ9",
          "dependencies": [
            "module.network.aws_vpc.main"
          ]
        }
      ]
    },
    {
      "module": "module.network",
      "mode": "managed",
      "type": "aws_subnet",
      "name": "public_zone_2",
      "provider": "provider[\"registry.terraform.io/hashicorp/aws\"]",
      "instances": [
        {
          "schema_version": 1,
          "attributes": {
            "arn": "arn:aws:ec2:eu-central-1:578748851450:subnet/subnet-080acd9c0f54eec19",
            "assign_ipv6_address_on_creation": false,
            "availability_zone": "eu-central-1b",
            "availability_zone_id": "euc1-az3",
            "cidr_block": "10.0.96.0/19",
            "customer_owned_ipv4_pool": "",
            "enable_dns64": false,
            "enable_lni_at_device_index": 0,
            "enable_resource_name_dns_a_record_on_launch": false,
            "enable_resource_name_dns_aaaa_record_on_launch": false,
            "id": "subnet-080acd9c0f54eec19",
            "ipv6_cidr_block": "",
            "ipv6_cidr_block_association_id": "",
            "ipv6_native": false,
            "map_customer_owned_ip_on_launch": false,
            "map_public_ip_on_launch": true,
            "outpost_arn": "",
            "owner_id": "578748851450",
            "private_dns_hostname_type_on_launch": "ip-name",
            "tags": {
              "Name": "dev-public-eu-central-1b",
              "kubernetes.io/cluster/booking-service-eks-dev": "owned",
              "kubernetes.io/role/elb": "1"
            },
            "tags_all": {
              "Name": "dev-public-eu-central-1b",
              "kubernetes.io/cluster/booking-service-eks-dev": "owned",
              "kubernetes.io/role/elb": "1"
            },
            "timeouts": null,
            "vpc_id": "vpc-0f9479ed83167a2e9"
          },
          "sensitive_attributes": [],
          "private": "eyJlMmJmYjczMC1lY2FhLTExZTYtOGY4OC0zNDM2M2JjN2M0YzAiOnsiY3JlYXRlIjo2MDAwMDAwMDAwMDAsImRlbGV0ZSI6MTIwMDAwMDAwMDAwMH0sInNjaGVtYV92ZXJzaW9uIjoiMSJ9",
          "dependencies": [
            "module.network.aws_vpc.main"
          ]
        }
      ]
    },
    {
      "module": "module.network",
      "mode": "managed",
      "type": "aws_vpc",
      "name": "main",
      "provider": "provider[\"registry.terraform.io/hashicorp/aws\"]",
      "instances": [
        {
          "schema_version": 1,
          "attributes": {
            "arn": "arn:aws:ec2:eu-central-1:578748851450:vpc/vpc-0f9479ed83167a2e9",
            "assign_generated_ipv6_cidr_block": false,
            "cidr_block": "10.0.0.0/16",
            "default_network_acl_id": "acl-04a31f863cba6fcbd",
            "default_route_table_id": "rtb-0a3fd32e4b3746aa0",
            "default_security_group_id": "sg-0a4f631a49579b609",
            "dhcp_options_id": "dopt-081c27645ea9ee9a3",
            "enable_dns_hostnames": true,
            "enable_dns_support": true,
            "enable_network_address_usage_metrics": false,
            "id": "vpc-0f9479ed83167a2e9",
            "instance_tenancy": "default",
            "ipv4_ipam_pool_id": null,
            "ipv4_netmask_length": null,
            "ipv6_association_id": "",
            "ipv6_cidr_block": "",
            "ipv6_cidr_block_network_border_group": "",
            "ipv6_ipam_pool_id": "",
            "ipv6_netmask_length": 0,
            "main_route_table_id": "rtb-0a3fd32e4b3746aa0",
            "owner_id": "578748851450",
            "tags": {
              "Name": "dev-vpc"
            },
            "tags_all": {
              "Name": "dev-vpc"
            }
          },
          "sensitive_attributes": [],
          "private": "eyJzY2hlbWFfdmVyc2lvbiI6IjEifQ=="
        }
      ]
    }
  ],
  "check_results": null
}
